// !$*UTF8*$!
{
	archiveVersion = 1;
	classes = {
	};
	objectVersion = 46;
	objects = {

/* Begin PBXBuildFile section */
		FD2D13931CFB784F00E9AAF5 /* AppDelegate.swift in Sources */ = {isa = PBXBuildFile; fileRef = FD2D13921CFB784F00E9AAF5 /* AppDelegate.swift */; };
		FD2D13951CFB784F00E9AAF5 /* ViewController.swift in Sources */ = {isa = PBXBuildFile; fileRef = FD2D13941CFB784F00E9AAF5 /* ViewController.swift */; };
		FD2D13981CFB784F00E9AAF5 /* Main.storyboard in Resources */ = {isa = PBXBuildFile; fileRef = FD2D13961CFB784F00E9AAF5 /* Main.storyboard */; };
		FD2D139A1CFB784F00E9AAF5 /* Assets.xcassets in Resources */ = {isa = PBXBuildFile; fileRef = FD2D13991CFB784F00E9AAF5 /* Assets.xcassets */; };
		FD2D139D1CFB784F00E9AAF5 /* LaunchScreen.storyboard in Resources */ = {isa = PBXBuildFile; fileRef = FD2D139B1CFB784F00E9AAF5 /* LaunchScreen.storyboard */; };
		FD2D13A81CFB784F00E9AAF5 /* stackExerciseTests.swift in Sources */ = {isa = PBXBuildFile; fileRef = FD2D13A71CFB784F00E9AAF5 /* stackExerciseTests.swift */; };
		FD2D13B31CFB784F00E9AAF5 /* stackExerciseUITests.swift in Sources */ = {isa = PBXBuildFile; fileRef = FD2D13B21CFB784F00E9AAF5 /* stackExerciseUITests.swift */; };
/* End PBXBuildFile section */

/* Begin PBXContainerItemProxy section */
		FD2D13A41CFB784F00E9AAF5 /* PBXContainerItemProxy */ = {
			isa = PBXContainerItemProxy;
			containerPortal = FD2D13871CFB784F00E9AAF5 /* Project object */;
			proxyType = 1;
			remoteGlobalIDString = FD2D138E1CFB784F00E9AAF5;
			remoteInfo = stackExercise;
		};
		FD2D13AF1CFB784F00E9AAF5 /* PBXContainerItemProxy */ = {
			isa = PBXContainerItemProxy;
			containerPortal = FD2D13871CFB784F00E9AAF5 /* Project object */;
			proxyType = 1;
			remoteGlobalIDString = FD2D138E1CFB784F00E9AAF5;
			remoteInfo = stackExercise;
		};
/* End PBXContainerItemProxy section */

/* Begin PBXFileReference section */
		FD2D138F1CFB784F00E9AAF5 /* stackExercise.app */ = {isa = PBXFileReference; explicitFileType = wrapper.application; includeInIndex = 0; path = stackExercise.app; sourceTree = BUILT_PRODUCTS_DIR; };
		FD2D13921CFB784F00E9AAF5 /* AppDelegate.swift */ = {isa = PBXFileReference; lastKnownFileType = sourcecode.swift; path = AppDelegate.swift; sourceTree = "<group>"; };
		FD2D13941CFB784F00E9AAF5 /* ViewController.swift */ = {isa = PBXFileReference; lastKnownFileType = sourcecode.swift; path = ViewController.swift; sourceTree = "<group>"; };
		FD2D13971CFB784F00E9AAF5 /* Base */ = {isa = PBXFileReference; lastKnownFileType = file.storyboard; name = Base; path = Base.lproj/Main.storyboard; sourceTree = "<group>"; };
		FD2D13991CFB784F00E9AAF5 /* Assets.xcassets */ = {isa = PBXFileReference; lastKnownFileType = folder.assetcatalog; path = Assets.xcassets; sourceTree = "<group>"; };
		FD2D139C1CFB784F00E9AAF5 /* Base */ = {isa = PBXFileReference; lastKnownFileType = file.storyboard; name = Base; path = Base.lproj/LaunchScreen.storyboard; sourceTree = "<group>"; };
		FD2D139E1CFB784F00E9AAF5 /* Info.plist */ = {isa = PBXFileReference; lastKnownFileType = text.plist.xml; path = Info.plist; sourceTree = "<group>"; };
		FD2D13A31CFB784F00E9AAF5 /* stackExerciseTests.xctest */ = {isa = PBXFileReference; explicitFileType = wrapper.cfbundle; includeInIndex = 0; path = stackExerciseTests.xctest; sourceTree = BUILT_PRODUCTS_DIR; };
		FD2D13A71CFB784F00E9AAF5 /* stackExerciseTests.swift */ = {isa = PBXFileReference; lastKnownFileType = sourcecode.swift; path = stackExerciseTests.swift; sourceTree = "<group>"; };
		FD2D13A91CFB784F00E9AAF5 /* Info.plist */ = {isa = PBXFileReference; lastKnownFileType = text.plist.xml; path = Info.plist; sourceTree = "<group>"; };
		FD2D13AE1CFB784F00E9AAF5 /* stackExerciseUITests.xctest */ = {isa = PBXFileReference; explicitFileType = wrapper.cfbundle; includeInIndex = 0; path = stackExerciseUITests.xctest; sourceTree = BUILT_PRODUCTS_DIR; };
		FD2D13B21CFB784F00E9AAF5 /* stackExerciseUITests.swift */ = {isa = PBXFileReference; lastKnownFileType = sourcecode.swift; path = stackExerciseUITests.swift; sourceTree = "<group>"; };
		FD2D13B41CFB784F00E9AAF5 /* Info.plist */ = {isa = PBXFileReference; lastKnownFileType = text.plist.xml; path = Info.plist; sourceTree = "<group>"; };
/* End PBXFileReference section */

/* Begin PBXFrameworksBuildPhase section */
		FD2D138C1CFB784F00E9AAF5 /* Frameworks */ = {
			isa = PBXFrameworksBuildPhase;
			buildActionMask = 2147483647;
			files = (
			);
			runOnlyForDeploymentPostprocessing = 0;
		};
		FD2D13A01CFB784F00E9AAF5 /* Frameworks */ = {
			isa = PBXFrameworksBuildPhase;
			buildActionMask = 2147483647;
			files = (
			);
			runOnlyForDeploymentPostprocessing = 0;
		};
		FD2D13AB1CFB784F00E9AAF5 /* Frameworks */ = {
			isa = PBXFrameworksBuildPhase;
			buildActionMask = 2147483647;
			files = (
			);
			runOnlyForDeploymentPostprocessing = 0;
		};
/* End PBXFrameworksBuildPhase section */

/* Begin PBXGroup section */
		FD2D13861CFB784F00E9AAF5 = {
			isa = PBXGroup;
			children = (
				FD2D13911CFB784F00E9AAF5 /* stackExercise */,
				FD2D13A61CFB784F00E9AAF5 /* stackExerciseTests */,
				FD2D13B11CFB784F00E9AAF5 /* stackExerciseUITests */,
				FD2D13901CFB784F00E9AAF5 /* Products */,
			);
			sourceTree = "<group>";
		};
		FD2D13901CFB784F00E9AAF5 /* Products */ = {
			isa = PBXGroup;
			children = (
				FD2D138F1CFB784F00E9AAF5 /* stackExercise.app */,
				FD2D13A31CFB784F00E9AAF5 /* stackExerciseTests.xctest */,
				FD2D13AE1CFB784F00E9AAF5 /* stackExerciseUITests.xctest */,
			);
			name = Products;
			sourceTree = "<group>";
		};
		FD2D13911CFB784F00E9AAF5 /* stackExercise */ = {
			isa = PBXGroup;
			children = (
				FD2D13921CFB784F00E9AAF5 /* AppDelegate.swift */,
				FD2D13941CFB784F00E9AAF5 /* ViewController.swift */,
				FD2D13961CFB784F00E9AAF5 /* Main.storyboard */,
				FD2D13991CFB784F00E9AAF5 /* Assets.xcassets */,
				FD2D139B1CFB784F00E9AAF5 /* LaunchScreen.storyboard */,
				FD2D139E1CFB784F00E9AAF5 /* Info.plist */,
			);
			path = stackExercise;
			sourceTree = "<group>";
		};
		FD2D13A61CFB784F00E9AAF5 /* stackExerciseTests */ = {
			isa = PBXGroup;
			children = (
				FD2D13A71CFB784F00E9AAF5 /* stackExerciseTests.swift */,
				FD2D13A91CFB784F00E9AAF5 /* Info.plist */,
			);
			path = stackExerciseTests;
			sourceTree = "<group>";
		};
		FD2D13B11CFB784F00E9AAF5 /* stackExerciseUITests */ = {
			isa = PBXGroup;
			children = (
				FD2D13B21CFB784F00E9AAF5 /* stackExerciseUITests.swift */,
				FD2D13B41CFB784F00E9AAF5 /* Info.plist */,
			);
			path = stackExerciseUITests;
			sourceTree = "<group>";
		};
/* End PBXGroup section */

/* Begin PBXNativeTarget section */
		FD2D138E1CFB784F00E9AAF5 /* stackExercise */ = {
			isa = PBXNativeTarget;
			buildConfigurationList = FD2D13B71CFB784F00E9AAF5 /* Build configuration list for PBXNativeTarget "stackExercise" */;
			buildPhases = (
				FD2D138B1CFB784F00E9AAF5 /* Sources */,
				FD2D138C1CFB784F00E9AAF5 /* Frameworks */,
				FD2D138D1CFB784F00E9AAF5 /* Resources */,
			);
			buildRules = (
			);
			dependencies = (
			);
			name = stackExercise;
			productName = stackExercise;
			productReference = FD2D138F1CFB784F00E9AAF5 /* stackExercise.app */;
			productType = "com.apple.product-type.application";
		};
		FD2D13A21CFB784F00E9AAF5 /* stackExerciseTests */ = {
			isa = PBXNativeTarget;
			buildConfigurationList = FD2D13BA1CFB784F00E9AAF5 /* Build configuration list for PBXNativeTarget "stackExerciseTests" */;
			buildPhases = (
				FD2D139F1CFB784F00E9AAF5 /* Sources */,
				FD2D13A01CFB784F00E9AAF5 /* Frameworks */,
				FD2D13A11CFB784F00E9AAF5 /* Resources */,
			);
			buildRules = (
			);
			dependencies = (
				FD2D13A51CFB784F00E9AAF5 /* PBXTargetDependency */,
			);
			name = stackExerciseTests;
			productName = stackExerciseTests;
			productReference = FD2D13A31CFB784F00E9AAF5 /* stackExerciseTests.xctest */;
			productType = "com.apple.product-type.bundle.unit-test";
		};
		FD2D13AD1CFB784F00E9AAF5 /* stackExerciseUITests */ = {
			isa = PBXNativeTarget;
			buildConfigurationList = FD2D13BD1CFB784F00E9AAF5 /* Build configuration list for PBXNativeTarget "stackExerciseUITests" */;
			buildPhases = (
				FD2D13AA1CFB784F00E9AAF5 /* Sources */,
				FD2D13AB1CFB784F00E9AAF5 /* Frameworks */,
				FD2D13AC1CFB784F00E9AAF5 /* Resources */,
			);
			buildRules = (
			);
			dependencies = (
				FD2D13B01CFB784F00E9AAF5 /* PBXTargetDependency */,
			);
			name = stackExerciseUITests;
			productName = stackExerciseUITests;
			productReference = FD2D13AE1CFB784F00E9AAF5 /* stackExerciseUITests.xctest */;
			productType = "com.apple.product-type.bundle.ui-testing";
		};
/* End PBXNativeTarget section */

/* Begin PBXProject section */
		FD2D13871CFB784F00E9AAF5 /* Project object */ = {
			isa = PBXProject;
			attributes = {
				LastSwiftUpdateCheck = 0730;
				LastUpgradeCheck = 0730;
				ORGANIZATIONNAME = Forethink;
				TargetAttributes = {
					FD2D138E1CFB784F00E9AAF5 = {
						CreatedOnToolsVersion = 7.3.1;
						DevelopmentTeam = 8JVR9SET2E;
					};
					FD2D13A21CFB784F00E9AAF5 = {
						CreatedOnToolsVersion = 7.3.1;
						TestTargetID = FD2D138E1CFB784F00E9AAF5;
					};
					FD2D13AD1CFB784F00E9AAF5 = {
						CreatedOnToolsVersion = 7.3.1;
						TestTargetID = FD2D138E1CFB784F00E9AAF5;
					};
				};
			};
			buildConfigurationList = FD2D138A1CFB784F00E9AAF5 /* Build configuration list for PBXProject "stackExercise" */;
			compatibilityVersion = "Xcode 3.2";
			developmentRegion = English;
			hasScannedForEncodings = 0;
			knownRegions = (
				en,
				Base,
			);
			mainGroup = FD2D13861CFB784F00E9AAF5;
			productRefGroup = FD2D13901CFB784F00E9AAF5 /* Products */;
			projectDirPath = "";
			projectRoot = "";
			targets = (
				FD2D138E1CFB784F00E9AAF5 /* stackExercise */,
				FD2D13A21CFB784F00E9AAF5 /* stackExerciseTests */,
				FD2D13AD1CFB784F00E9AAF5 /* stackExerciseUITests */,
			);
		};
/* End PBXProject section */

/* Begin PBXResourcesBuildPhase section */
		FD2D138D1CFB784F00E9AAF5 /* Resources */ = {
			isa = PBXResourcesBuildPhase;
			buildActionMask = 2147483647;
			files = (
				FD2D139D1CFB784F00E9AAF5 /* LaunchScreen.storyboard in Resources */,
				FD2D139A1CFB784F00E9AAF5 /* Assets.xcassets in Resources */,
				FD2D13981CFB784F00E9AAF5 /* Main.storyboard in Resources */,
			);
			runOnlyForDeploymentPostprocessing = 0;
		};
		FD2D13A11CFB784F00E9AAF5 /* Resources */ = {
			isa = PBXResourcesBuildPhase;
			buildActionMask = 2147483647;
			files = (
			);
			runOnlyForDeploymentPostprocessing = 0;
		};
		FD2D13AC1CFB784F00E9AAF5 /* Resources */ = {
			isa = PBXResourcesBuildPhase;
			buildActionMask = 2147483647;
			files = (
			);
			runOnlyForDeploymentPostprocessing = 0;
		};
/* End PBXResourcesBuildPhase section */

/* Begin PBXSourcesBuildPhase section */
		FD2D138B1CFB784F00E9AAF5 /* Sources */ = {
			isa = PBXSourcesBuildPhase;
			buildActionMask = 2147483647;
			files = (
				FD2D13951CFB784F00E9AAF5 /* ViewController.swift in Sources */,
				FD2D13931CFB784F00E9AAF5 /* AppDelegate.swift in Sources */,
			);
			runOnlyForDeploymentPostprocessing = 0;
		};
		FD2D139F1CFB784F00E9AAF5 /* Sources */ = {
			isa = PBXSourcesBuildPhase;
			buildActionMask = 2147483647;
			files = (
				FD2D13A81CFB784F00E9AAF5 /* stackExerciseTests.swift in Sources */,
			);
			runOnlyForDeploymentPostprocessing = 0;
		};
		FD2D13AA1CFB784F00E9AAF5 /* Sources */ = {
			isa = PBXSourcesBuildPhase;
			buildActionMask = 2147483647;
			files = (
				FD2D13B31CFB784F00E9AAF5 /* stackExerciseUITests.swift in Sources */,
			);
			runOnlyForDeploymentPostprocessing = 0;
		};
/* End PBXSourcesBuildPhase section */

/* Begin PBXTargetDependency section */
		FD2D13A51CFB784F00E9AAF5 /* PBXTargetDependency */ = {
			isa = PBXTargetDependency;
			target = FD2D138E1CFB784F00E9AAF5 /* stackExercise */;
			targetProxy = FD2D13A41CFB784F00E9AAF5 /* PBXContainerItemProxy */;
		};
		FD2D13B01CFB784F00E9AAF5 /* PBXTargetDependency */ = {
			isa = PBXTargetDependency;
			target = FD2D138E1CFB784F00E9AAF5 /* stackExercise */;
			targetProxy = FD2D13AF1CFB784F00E9AAF5 /* PBXContainerItemProxy */;
		};
/* End PBXTargetDependency section */

/* Begin PBXVariantGroup section */
		FD2D13961CFB784F00E9AAF5 /* Main.storyboard */ = {
			isa = PBXVariantGroup;
			children = (
				FD2D13971CFB784F00E9AAF5 /* Base */,
			);
			name = Main.storyboard;
			sourceTree = "<group>";
		};
		FD2D139B1CFB784F00E9AAF5 /* LaunchScreen.storyboard */ = {
			isa = PBXVariantGroup;
			children = (
				FD2D139C1CFB784F00E9AAF5 /* Base */,
			);
			name = LaunchScreen.storyboard;
			sourceTree = "<group>";
		};
/* End PBXVariantGroup section */

/* Begin XCBuildConfiguration section */
		FD2D13B51CFB784F00E9AAF5 /* Debug */ = {
			isa = XCBuildConfiguration;
			buildSettings = {
				ALWAYS_SEARCH_USER_PATHS = NO;
				CLANG_ANALYZER_NONNULL = YES;
				CLANG_CXX_LANGUAGE_STANDARD = "gnu++0x";
				CLANG_CXX_LIBRARY = "libc++";
				CLANG_ENABLE_MODULES = YES;
				CLANG_ENABLE_OBJC_ARC = YES;
				CLANG_WARN_BOOL_CONVERSION = YES;
				CLANG_WARN_CONSTANT_CONVERSION = YES;
				CLANG_WARN_DIRECT_OBJC_ISA_USAGE = YES_ERROR;
				CLANG_WARN_EMPTY_BODY = YES;
				CLANG_WARN_ENUM_CONVERSION = YES;
				CLANG_WARN_INT_CONVERSION = YES;
				CLANG_WARN_OBJC_ROOT_CLASS = YES_ERROR;
				CLANG_WARN_UNREACHABLE_CODE = YES;
				CLANG_WARN__DUPLICATE_METHOD_MATCH = YES;
				"CODE_SIGN_IDENTITY[sdk=iphoneos*]" = "iPhone Developer";
				COPY_PHASE_STRIP = NO;
				DEBUG_INFORMATION_FORMAT = dwarf;
				ENABLE_STRICT_OBJC_MSGSEND = YES;
				ENABLE_TESTABILITY = YES;
				GCC_C_LANGUAGE_STANDARD = gnu99;
				GCC_DYNAMIC_NO_PIC = NO;
				GCC_NO_COMMON_BLOCKS = YES;
				GCC_OPTIMIZATION_LEVEL = 0;
				GCC_PREPROCESSOR_DEFINITIONS = (
					"DEBUG=1",
					"$(inherited)",
				);
				GCC_WARN_64_TO_32_BIT_CONVERSION = YES;
				GCC_WARN_ABOUT_RETURN_TYPE = YES_ERROR;
				GCC_WARN_UNDECLARED_SELECTOR = YES;
				GCC_WARN_UNINITIALIZED_AUTOS = YES_AGGRESSIVE;
				GCC_WARN_UNUSED_FUNCTION = YES;
				GCC_WARN_UNUSED_VARIABLE = YES;
				IPHONEOS_DEPLOYMENT_TARGET = 9.3;
				MTL_ENABLE_DEBUG_INFO = YES;
				ONLY_ACTIVE_ARCH = YES;
				SDKROOT = iphoneos;
				SWIFT_OPTIMIZATION_LEVEL = "-Onone";
				TARGETED_DEVICE_FAMILY = "1,2";
			};
			name = Debug;
		};
		FD2D13B61CFB784F00E9AAF5 /* Release */ = {
			isa = XCBuildConfiguration;
			buildSettings = {
				ALWAYS_SEARCH_USER_PATHS = NO;
				CLANG_ANALYZER_NONNULL = YES;
				CLANG_CXX_LANGUAGE_STANDARD = "gnu++0x";
				CLANG_CXX_LIBRARY = "libc++";
				CLANG_ENABLE_MODULES = YES;
				CLANG_ENABLE_OBJC_ARC = YES;
				CLANG_WARN_BOOL_CONVERSION = YES;
				CLANG_WARN_CONSTANT_CONVERSION = YES;
				CLANG_WARN_DIRECT_OBJC_ISA_USAGE = YES_ERROR;
				CLANG_WARN_EMPTY_BODY = YES;
				CLANG_WARN_ENUM_CONVERSION = YES;
				CLANG_WARN_INT_CONVERSION = YES;
				CLANG_WARN_OBJC_ROOT_CLASS = YES_ERROR;
				CLANG_WARN_UNREACHABLE_CODE = YES;
				CLANG_WARN__DUPLICATE_METHOD_MATCH = YES;
				"CODE_SIGN_IDENTITY[sdk=iphoneos*]" = "iPhone Developer";
				COPY_PHASE_STRIP = NO;
				DEBUG_INFORMATION_FORMAT = "dwarf-with-dsym";
				ENABLE_NS_ASSERTIONS = NO;
				ENABLE_STRICT_OBJC_MSGSEND = YES;
				GCC_C_LANGUAGE_STANDARD = gnu99;
				GCC_NO_COMMON_BLOCKS = YES;
				GCC_WARN_64_TO_32_BIT_CONVERSION = YES;
				GCC_WARN_ABOUT_RETURN_TYPE = YES_ERROR;
				GCC_WARN_UNDECLARED_SELECTOR = YES;
				GCC_WARN_UNINITIALIZED_AUTOS = YES_AGGRESSIVE;
				GCC_WARN_UNUSED_FUNCTION = YES;
				GCC_WARN_UNUSED_VARIABLE = YES;
				IPHONEOS_DEPLOYMENT_TARGET = 9.3;
				MTL_ENABLE_DEBUG_INFO = NO;
				SDKROOT = iphoneos;
				TARGETED_DEVICE_FAMILY = "1,2";
				VALIDATE_PRODUCT = YES;
			};
			name = Release;
		};
		FD2D13B81CFB784F00E9AAF5 /* Debug */ = {
			isa = XCBuildConfiguration;
			buildSettings = {
				ASSETCATALOG_COMPILER_APPICON_NAME = AppIcon;
				CODE_SIGN_IDENTITY = "iPhone Developer";
				INFOPLIST_FILE = stackExercise/Info.plist;
				LD_RUNPATH_SEARCH_PATHS = "$(inherited) @executable_path/Frameworks";
				PRODUCT_BUNDLE_IDENTIFIER = www.forethink.nu.stackExercise;
				PRODUCT_NAME = "$(TARGET_NAME)";
			};
			name = Debug;
		};
		FD2D13B91CFB784F00E9AAF5 /* Release */ = {
			isa = XCBuildConfiguration;
			buildSettings = {
				ASSETCATALOG_COMPILER_APPICON_NAME = AppIcon;
				CODE_SIGN_IDENTITY = "iPhone Developer";
				INFOPLIST_FILE = stackExercise/Info.plist;
				LD_RUNPATH_SEARCH_PATHS = "$(inherited) @executable_path/Frameworks";
				PRODUCT_BUNDLE_IDENTIFIER = www.forethink.nu.stackExercise;
				PRODUCT_NAME = "$(TARGET_NAME)";
			};
			name = Release;
		};
		FD2D13BB1CFB784F00E9AAF5 /* Debug */ = {
			isa = XCBuildConfiguration;
			buildSettings = {
				BUNDLE_LOADER = "$(TEST_HOST)";
				INFOPLIST_FILE = stackExerciseTests/Info.plist;
				LD_RUNPATH_SEARCH_PATHS = "$(inherited) @executable_path/Frameworks @loader_path/Frameworks";
				PRODUCT_BUNDLE_IDENTIFIER = www.forethink.nu.stackExerciseTests;
				PRODUCT_NAME = "$(TARGET_NAME)";
				TEST_HOST = "$(BUILT_PRODUCTS_DIR)/stackExercise.app/stackExercise";
			};
			name = Debug;
		};
		FD2D13BC1CFB784F00E9AAF5 /* Release */ = {
			isa = XCBuildConfiguration;
			buildSettings = {
				BUNDLE_LOADER = "$(TEST_HOST)";
				INFOPLIST_FILE = stackExerciseTests/Info.plist;
				LD_RUNPATH_SEARCH_PATHS = "$(inherited) @executable_path/Frameworks @loader_path/Frameworks";
				PRODUCT_BUNDLE_IDENTIFIER = www.forethink.nu.stackExerciseTests;
				PRODUCT_NAME = "$(TARGET_NAME)";
				TEST_HOST = "$(BUILT_PRODUCTS_DIR)/stackExercise.app/stackExercise";
			};
			name = Release;
		};
		FD2D13BE1CFB784F00E9AAF5 /* Debug */ = {
			isa = XCBuildConfiguration;
			buildSettings = {
				INFOPLIST_FILE = stackExerciseUITests/Info.plist;
				LD_RUNPATH_SEARCH_PATHS = "$(inherited) @executable_path/Frameworks @loader_path/Frameworks";
				PRODUCT_BUNDLE_IDENTIFIER = www.forethink.nu.stackExerciseUITests;
				PRODUCT_NAME = "$(TARGET_NAME)";
				TEST_TARGET_NAME = stackExercise;
			};
			name = Debug;
		};
		FD2D13BF1CFB784F00E9AAF5 /* Release */ = {
			isa = XCBuildConfiguration;
			buildSettings = {
				INFOPLIST_FILE = stackExerciseUITests/Info.plist;
				LD_RUNPATH_SEARCH_PATHS = "$(inherited) @executable_path/Frameworks @loader_path/Frameworks";
				PRODUCT_BUNDLE_IDENTIFIER = www.forethink.nu.stackExerciseUITests;
				PRODUCT_NAME = "$(TARGET_NAME)";
				TEST_TARGET_NAME = stackExercise;
			};
			name = Release;
		};
/* End XCBuildConfiguration section */

/* Begin XCConfigurationList section */
		FD2D138A1CFB784F00E9AAF5 /* Build configuration list for PBXProject "stackExercise" */ = {
			isa = XCConfigurationList;
			buildConfigurations = (
				FD2D13B51CFB784F00E9AAF5 /* Debug */,
				FD2D13B61CFB784F00E9AAF5 /* Release */,
			);
			defaultConfigurationIsVisible = 0;
			defaultConfigurationName = Release;
		};
		FD2D13B71CFB784F00E9AAF5 /* Build configuration list for PBXNativeTarget "stackExercise" */ = {
			isa = XCConfigurationList;
			buildConfigurations = (
				FD2D13B81CFB784F00E9AAF5 /* Debug */,
				FD2D13B91CFB784F00E9AAF5 /* Release */,
			);
			defaultConfigurationIsVisible = 0;
		};
		FD2D13BA1CFB784F00E9AAF5 /* Build configuration list for PBXNativeTarget "stackExerciseTests" */ = {
			isa = XCConfigurationList;
			buildConfigurations = (
				FD2D13BB1CFB784F00E9AAF5 /* Debug */,
				FD2D13BC1CFB784F00E9AAF5 /* Release */,
			);
			defaultConfigurationIsVisible = 0;
		};
		FD2D13BD1CFB784F00E9AAF5 /* Build configuration list for PBXNativeTarget "stackExerciseUITests" */ = {
			isa = XCConfigurationList;
			buildConfigurations = (
				FD2D13BE1CFB784F00E9AAF5 /* Debug */,
				FD2D13BF1CFB784F00E9AAF5 /* Release */,
			);
			defaultConfigurationIsVisible = 0;
		};
/* End XCConfigurationList section */
	};
	rootObject = FD2D13871CFB784F00E9AAF5 /* Project object */;
}
