// !$*UTF8*$!
{
	archiveVersion = 1;
	classes = {
	};
	objectVersion = 46;
	objects = {

/* Begin PBXBuildFile section */
		FD9567461CF3396F00B69ACB /* AppDelegate.swift in Sources */ = {isa = PBXBuildFile; fileRef = FD9567451CF3396F00B69ACB /* AppDelegate.swift */; };
		FD9567481CF3396F00B69ACB /* ViewController.swift in Sources */ = {isa = PBXBuildFile; fileRef = FD9567471CF3396F00B69ACB /* ViewController.swift */; };
		FD95674B1CF3396F00B69ACB /* Main.storyboard in Resources */ = {isa = PBXBuildFile; fileRef = FD9567491CF3396F00B69ACB /* Main.storyboard */; };
		FD95674D1CF3396F00B69ACB /* Assets.xcassets in Resources */ = {isa = PBXBuildFile; fileRef = FD95674C1CF3396F00B69ACB /* Assets.xcassets */; };
		FD9567501CF3396F00B69ACB /* LaunchScreen.storyboard in Resources */ = {isa = PBXBuildFile; fileRef = FD95674E1CF3396F00B69ACB /* LaunchScreen.storyboard */; };
		FD95675B1CF3397000B69ACB /* LayoutpracticeTests.swift in Sources */ = {isa = PBXBuildFile; fileRef = FD95675A1CF3396F00B69ACB /* LayoutpracticeTests.swift */; };
		FD9567661CF3397000B69ACB /* LayoutpracticeUITests.swift in Sources */ = {isa = PBXBuildFile; fileRef = FD9567651CF3397000B69ACB /* LayoutpracticeUITests.swift */; };
/* End PBXBuildFile section */

/* Begin PBXContainerItemProxy section */
		FD9567571CF3396F00B69ACB /* PBXContainerItemProxy */ = {
			isa = PBXContainerItemProxy;
			containerPortal = FD95673A1CF3396F00B69ACB /* Project object */;
			proxyType = 1;
			remoteGlobalIDString = FD9567411CF3396F00B69ACB;
			remoteInfo = Layoutpractice;
		};
		FD9567621CF3397000B69ACB /* PBXContainerItemProxy */ = {
			isa = PBXContainerItemProxy;
			containerPortal = FD95673A1CF3396F00B69ACB /* Project object */;
			proxyType = 1;
			remoteGlobalIDString = FD9567411CF3396F00B69ACB;
			remoteInfo = Layoutpractice;
		};
/* End PBXContainerItemProxy section */

/* Begin PBXFileReference section */
		FD9567421CF3396F00B69ACB /* Layoutpractice.app */ = {isa = PBXFileReference; explicitFileType = wrapper.application; includeInIndex = 0; path = Layoutpractice.app; sourceTree = BUILT_PRODUCTS_DIR; };
		FD9567451CF3396F00B69ACB /* AppDelegate.swift */ = {isa = PBXFileReference; lastKnownFileType = sourcecode.swift; path = AppDelegate.swift; sourceTree = "<group>"; };
		FD9567471CF3396F00B69ACB /* ViewController.swift */ = {isa = PBXFileReference; lastKnownFileType = sourcecode.swift; path = ViewController.swift; sourceTree = "<group>"; };
		FD95674A1CF3396F00B69ACB /* Base */ = {isa = PBXFileReference; lastKnownFileType = file.storyboard; name = Base; path = Base.lproj/Main.storyboard; sourceTree = "<group>"; };
		FD95674C1CF3396F00B69ACB /* Assets.xcassets */ = {isa = PBXFileReference; lastKnownFileType = folder.assetcatalog; path = Assets.xcassets; sourceTree = "<group>"; };
		FD95674F1CF3396F00B69ACB /* Base */ = {isa = PBXFileReference; lastKnownFileType = file.storyboard; name = Base; path = Base.lproj/LaunchScreen.storyboard; sourceTree = "<group>"; };
		FD9567511CF3396F00B69ACB /* Info.plist */ = {isa = PBXFileReference; lastKnownFileType = text.plist.xml; path = Info.plist; sourceTree = "<group>"; };
		FD9567561CF3396F00B69ACB /* LayoutpracticeTests.xctest */ = {isa = PBXFileReference; explicitFileType = wrapper.cfbundle; includeInIndex = 0; path = LayoutpracticeTests.xctest; sourceTree = BUILT_PRODUCTS_DIR; };
		FD95675A1CF3396F00B69ACB /* LayoutpracticeTests.swift */ = {isa = PBXFileReference; lastKnownFileType = sourcecode.swift; path = LayoutpracticeTests.swift; sourceTree = "<group>"; };
		FD95675C1CF3397000B69ACB /* Info.plist */ = {isa = PBXFileReference; lastKnownFileType = text.plist.xml; path = Info.plist; sourceTree = "<group>"; };
		FD9567611CF3397000B69ACB /* LayoutpracticeUITests.xctest */ = {isa = PBXFileReference; explicitFileType = wrapper.cfbundle; includeInIndex = 0; path = LayoutpracticeUITests.xctest; sourceTree = BUILT_PRODUCTS_DIR; };
		FD9567651CF3397000B69ACB /* LayoutpracticeUITests.swift */ = {isa = PBXFileReference; lastKnownFileType = sourcecode.swift; path = LayoutpracticeUITests.swift; sourceTree = "<group>"; };
		FD9567671CF3397000B69ACB /* Info.plist */ = {isa = PBXFileReference; lastKnownFileType = text.plist.xml; path = Info.plist; sourceTree = "<group>"; };
/* End PBXFileReference section */

/* Begin PBXFrameworksBuildPhase section */
		FD95673F1CF3396F00B69ACB /* Frameworks */ = {
			isa = PBXFrameworksBuildPhase;
			buildActionMask = 2147483647;
			files = (
			);
			runOnlyForDeploymentPostprocessing = 0;
		};
		FD9567531CF3396F00B69ACB /* Frameworks */ = {
			isa = PBXFrameworksBuildPhase;
			buildActionMask = 2147483647;
			files = (
			);
			runOnlyForDeploymentPostprocessing = 0;
		};
		FD95675E1CF3397000B69ACB /* Frameworks */ = {
			isa = PBXFrameworksBuildPhase;
			buildActionMask = 2147483647;
			files = (
			);
			runOnlyForDeploymentPostprocessing = 0;
		};
/* End PBXFrameworksBuildPhase section */

/* Begin PBXGroup section */
		FD9567391CF3396F00B69ACB = {
			isa = PBXGroup;
			children = (
				FD9567441CF3396F00B69ACB /* Layoutpractice */,
				FD9567591CF3396F00B69ACB /* LayoutpracticeTests */,
				FD9567641CF3397000B69ACB /* LayoutpracticeUITests */,
				FD9567431CF3396F00B69ACB /* Products */,
			);
			sourceTree = "<group>";
		};
		FD9567431CF3396F00B69ACB /* Products */ = {
			isa = PBXGroup;
			children = (
				FD9567421CF3396F00B69ACB /* Layoutpractice.app */,
				FD9567561CF3396F00B69ACB /* LayoutpracticeTests.xctest */,
				FD9567611CF3397000B69ACB /* LayoutpracticeUITests.xctest */,
			);
			name = Products;
			sourceTree = "<group>";
		};
		FD9567441CF3396F00B69ACB /* Layoutpractice */ = {
			isa = PBXGroup;
			children = (
				FD9567451CF3396F00B69ACB /* AppDelegate.swift */,
				FD9567471CF3396F00B69ACB /* ViewController.swift */,
				FD9567491CF3396F00B69ACB /* Main.storyboard */,
				FD95674C1CF3396F00B69ACB /* Assets.xcassets */,
				FD95674E1CF3396F00B69ACB /* LaunchScreen.storyboard */,
				FD9567511CF3396F00B69ACB /* Info.plist */,
			);
			path = Layoutpractice;
			sourceTree = "<group>";
		};
		FD9567591CF3396F00B69ACB /* LayoutpracticeTests */ = {
			isa = PBXGroup;
			children = (
				FD95675A1CF3396F00B69ACB /* LayoutpracticeTests.swift */,
				FD95675C1CF3397000B69ACB /* Info.plist */,
			);
			path = LayoutpracticeTests;
			sourceTree = "<group>";
		};
		FD9567641CF3397000B69ACB /* LayoutpracticeUITests */ = {
			isa = PBXGroup;
			children = (
				FD9567651CF3397000B69ACB /* LayoutpracticeUITests.swift */,
				FD9567671CF3397000B69ACB /* Info.plist */,
			);
			path = LayoutpracticeUITests;
			sourceTree = "<group>";
		};
/* End PBXGroup section */

/* Begin PBXNativeTarget section */
		FD9567411CF3396F00B69ACB /* Layoutpractice */ = {
			isa = PBXNativeTarget;
			buildConfigurationList = FD95676A1CF3397000B69ACB /* Build configuration list for PBXNativeTarget "Layoutpractice" */;
			buildPhases = (
				FD95673E1CF3396F00B69ACB /* Sources */,
				FD95673F1CF3396F00B69ACB /* Frameworks */,
				FD9567401CF3396F00B69ACB /* Resources */,
			);
			buildRules = (
			);
			dependencies = (
			);
			name = Layoutpractice;
			productName = Layoutpractice;
			productReference = FD9567421CF3396F00B69ACB /* Layoutpractice.app */;
			productType = "com.apple.product-type.application";
		};
		FD9567551CF3396F00B69ACB /* LayoutpracticeTests */ = {
			isa = PBXNativeTarget;
			buildConfigurationList = FD95676D1CF3397000B69ACB /* Build configuration list for PBXNativeTarget "LayoutpracticeTests" */;
			buildPhases = (
				FD9567521CF3396F00B69ACB /* Sources */,
				FD9567531CF3396F00B69ACB /* Frameworks */,
				FD9567541CF3396F00B69ACB /* Resources */,
			);
			buildRules = (
			);
			dependencies = (
				FD9567581CF3396F00B69ACB /* PBXTargetDependency */,
			);
			name = LayoutpracticeTests;
			productName = LayoutpracticeTests;
			productReference = FD9567561CF3396F00B69ACB /* LayoutpracticeTests.xctest */;
			productType = "com.apple.product-type.bundle.unit-test";
		};
		FD9567601CF3397000B69ACB /* LayoutpracticeUITests */ = {
			isa = PBXNativeTarget;
			buildConfigurationList = FD9567701CF3397000B69ACB /* Build configuration list for PBXNativeTarget "LayoutpracticeUITests" */;
			buildPhases = (
				FD95675D1CF3397000B69ACB /* Sources */,
				FD95675E1CF3397000B69ACB /* Frameworks */,
				FD95675F1CF3397000B69ACB /* Resources */,
			);
			buildRules = (
			);
			dependencies = (
				FD9567631CF3397000B69ACB /* PBXTargetDependency */,
			);
			name = LayoutpracticeUITests;
			productName = LayoutpracticeUITests;
			productReference = FD9567611CF3397000B69ACB /* LayoutpracticeUITests.xctest */;
			productType = "com.apple.product-type.bundle.ui-testing";
		};
/* End PBXNativeTarget section */

/* Begin PBXProject section */
		FD95673A1CF3396F00B69ACB /* Project object */ = {
			isa = PBXProject;
			attributes = {
				LastSwiftUpdateCheck = 0730;
				LastUpgradeCheck = 0730;
				ORGANIZATIONNAME = "Donghoon bae";
				TargetAttributes = {
					FD9567411CF3396F00B69ACB = {
						CreatedOnToolsVersion = 7.3.1;
					};
					FD9567551CF3396F00B69ACB = {
						CreatedOnToolsVersion = 7.3.1;
						TestTargetID = FD9567411CF3396F00B69ACB;
					};
					FD9567601CF3397000B69ACB = {
						CreatedOnToolsVersion = 7.3.1;
						TestTargetID = FD9567411CF3396F00B69ACB;
					};
				};
			};
			buildConfigurationList = FD95673D1CF3396F00B69ACB /* Build configuration list for PBXProject "Layoutpractice" */;
			compatibilityVersion = "Xcode 3.2";
			developmentRegion = English;
			hasScannedForEncodings = 0;
			knownRegions = (
				en,
				Base,
			);
			mainGroup = FD9567391CF3396F00B69ACB;
			productRefGroup = FD9567431CF3396F00B69ACB /* Products */;
			projectDirPath = "";
			projectRoot = "";
			targets = (
				FD9567411CF3396F00B69ACB /* Layoutpractice */,
				FD9567551CF3396F00B69ACB /* LayoutpracticeTests */,
				FD9567601CF3397000B69ACB /* LayoutpracticeUITests */,
			);
		};
/* End PBXProject section */

/* Begin PBXResourcesBuildPhase section */
		FD9567401CF3396F00B69ACB /* Resources */ = {
			isa = PBXResourcesBuildPhase;
			buildActionMask = 2147483647;
			files = (
				FD9567501CF3396F00B69ACB /* LaunchScreen.storyboard in Resources */,
				FD95674D1CF3396F00B69ACB /* Assets.xcassets in Resources */,
				FD95674B1CF3396F00B69ACB /* Main.storyboard in Resources */,
			);
			runOnlyForDeploymentPostprocessing = 0;
		};
		FD9567541CF3396F00B69ACB /* Resources */ = {
			isa = PBXResourcesBuildPhase;
			buildActionMask = 2147483647;
			files = (
			);
			runOnlyForDeploymentPostprocessing = 0;
		};
		FD95675F1CF3397000B69ACB /* Resources */ = {
			isa = PBXResourcesBuildPhase;
			buildActionMask = 2147483647;
			files = (
			);
			runOnlyForDeploymentPostprocessing = 0;
		};
/* End PBXResourcesBuildPhase section */

/* Begin PBXSourcesBuildPhase section */
		FD95673E1CF3396F00B69ACB /* Sources */ = {
			isa = PBXSourcesBuildPhase;
			buildActionMask = 2147483647;
			files = (
				FD9567481CF3396F00B69ACB /* ViewController.swift in Sources */,
				FD9567461CF3396F00B69ACB /* AppDelegate.swift in Sources */,
			);
			runOnlyForDeploymentPostprocessing = 0;
		};
		FD9567521CF3396F00B69ACB /* Sources */ = {
			isa = PBXSourcesBuildPhase;
			buildActionMask = 2147483647;
			files = (
				FD95675B1CF3397000B69ACB /* LayoutpracticeTests.swift in Sources */,
			);
			runOnlyForDeploymentPostprocessing = 0;
		};
		FD95675D1CF3397000B69ACB /* Sources */ = {
			isa = PBXSourcesBuildPhase;
			buildActionMask = 2147483647;
			files = (
				FD9567661CF3397000B69ACB /* LayoutpracticeUITests.swift in Sources */,
			);
			runOnlyForDeploymentPostprocessing = 0;
		};
/* End PBXSourcesBuildPhase section */

/* Begin PBXTargetDependency section */
		FD9567581CF3396F00B69ACB /* PBXTargetDependency */ = {
			isa = PBXTargetDependency;
			target = FD9567411CF3396F00B69ACB /* Layoutpractice */;
			targetProxy = FD9567571CF3396F00B69ACB /* PBXContainerItemProxy */;
		};
		FD9567631CF3397000B69ACB /* PBXTargetDependency */ = {
			isa = PBXTargetDependency;
			target = FD9567411CF3396F00B69ACB /* Layoutpractice */;
			targetProxy = FD9567621CF3397000B69ACB /* PBXContainerItemProxy */;
		};
/* End PBXTargetDependency section */

/* Begin PBXVariantGroup section */
		FD9567491CF3396F00B69ACB /* Main.storyboard */ = {
			isa = PBXVariantGroup;
			children = (
				FD95674A1CF3396F00B69ACB /* Base */,
			);
			name = Main.storyboard;
			sourceTree = "<group>";
		};
		FD95674E1CF3396F00B69ACB /* LaunchScreen.storyboard */ = {
			isa = PBXVariantGroup;
			children = (
				FD95674F1CF3396F00B69ACB /* Base */,
			);
			name = LaunchScreen.storyboard;
			sourceTree = "<group>";
		};
/* End PBXVariantGroup section */

/* Begin XCBuildConfiguration section */
		FD9567681CF3397000B69ACB /* Debug */ = {
			isa = XCBuildConfiguration;
			buildSettings = {
				ALWAYS_SEARCH_USER_PATHS = NO;
				CLANG_ANALYZER_NONNULL = YES;
				CLANG_CXX_LANGUAGE_STANDARD = "gnu++0x";
				CLANG_CXX_LIBRARY = "libc++";
				CLANG_ENABLE_MODULES = YES;
				CLANG_ENABLE_OBJC_ARC = YES;
				CLANG_WARN_BOOL_CONVERSION = YES;
				CLANG_WARN_CONSTANT_CONVERSION = YES;
				CLANG_WARN_DIRECT_OBJC_ISA_USAGE = YES_ERROR;
				CLANG_WARN_EMPTY_BODY = YES;
				CLANG_WARN_ENUM_CONVERSION = YES;
				CLANG_WARN_INT_CONVERSION = YES;
				CLANG_WARN_OBJC_ROOT_CLASS = YES_ERROR;
				CLANG_WARN_UNREACHABLE_CODE = YES;
				CLANG_WARN__DUPLICATE_METHOD_MATCH = YES;
				"CODE_SIGN_IDENTITY[sdk=iphoneos*]" = "iPhone Developer";
				COPY_PHASE_STRIP = NO;
				DEBUG_INFORMATION_FORMAT = dwarf;
				ENABLE_STRICT_OBJC_MSGSEND = YES;
				ENABLE_TESTABILITY = YES;
				GCC_C_LANGUAGE_STANDARD = gnu99;
				GCC_DYNAMIC_NO_PIC = NO;
				GCC_NO_COMMON_BLOCKS = YES;
				GCC_OPTIMIZATION_LEVEL = 0;
				GCC_PREPROCESSOR_DEFINITIONS = (
					"DEBUG=1",
					"$(inherited)",
				);
				GCC_WARN_64_TO_32_BIT_CONVERSION = YES;
				GCC_WARN_ABOUT_RETURN_TYPE = YES_ERROR;
				GCC_WARN_UNDECLARED_SELECTOR = YES;
				GCC_WARN_UNINITIALIZED_AUTOS = YES_AGGRESSIVE;
				GCC_WARN_UNUSED_FUNCTION = YES;
				GCC_WARN_UNUSED_VARIABLE = YES;
				IPHONEOS_DEPLOYMENT_TARGET = 9.3;
				MTL_ENABLE_DEBUG_INFO = YES;
				ONLY_ACTIVE_ARCH = YES;
				SDKROOT = iphoneos;
				SWIFT_OPTIMIZATION_LEVEL = "-Onone";
			};
			name = Debug;
		};
		FD9567691CF3397000B69ACB /* Release */ = {
			isa = XCBuildConfiguration;
			buildSettings = {
				ALWAYS_SEARCH_USER_PATHS = NO;
				CLANG_ANALYZER_NONNULL = YES;
				CLANG_CXX_LANGUAGE_STANDARD = "gnu++0x";
				CLANG_CXX_LIBRARY = "libc++";
				CLANG_ENABLE_MODULES = YES;
				CLANG_ENABLE_OBJC_ARC = YES;
				CLANG_WARN_BOOL_CONVERSION = YES;
				CLANG_WARN_CONSTANT_CONVERSION = YES;
				CLANG_WARN_DIRECT_OBJC_ISA_USAGE = YES_ERROR;
				CLANG_WARN_EMPTY_BODY = YES;
				CLANG_WARN_ENUM_CONVERSION = YES;
				CLANG_WARN_INT_CONVERSION = YES;
				CLANG_WARN_OBJC_ROOT_CLASS = YES_ERROR;
				CLANG_WARN_UNREACHABLE_CODE = YES;
				CLANG_WARN__DUPLICATE_METHOD_MATCH = YES;
				"CODE_SIGN_IDENTITY[sdk=iphoneos*]" = "iPhone Developer";
				COPY_PHASE_STRIP = NO;
				DEBUG_INFORMATION_FORMAT = "dwarf-with-dsym";
				ENABLE_NS_ASSERTIONS = NO;
				ENABLE_STRICT_OBJC_MSGSEND = YES;
				GCC_C_LANGUAGE_STANDARD = gnu99;
				GCC_NO_COMMON_BLOCKS = YES;
				GCC_WARN_64_TO_32_BIT_CONVERSION = YES;
				GCC_WARN_ABOUT_RETURN_TYPE = YES_ERROR;
				GCC_WARN_UNDECLARED_SELECTOR = YES;
				GCC_WARN_UNINITIALIZED_AUTOS = YES_AGGRESSIVE;
				GCC_WARN_UNUSED_FUNCTION = YES;
				GCC_WARN_UNUSED_VARIABLE = YES;
				IPHONEOS_DEPLOYMENT_TARGET = 9.3;
				MTL_ENABLE_DEBUG_INFO = NO;
				SDKROOT = iphoneos;
				VALIDATE_PRODUCT = YES;
			};
			name = Release;
		};
		FD95676B1CF3397000B69ACB /* Debug */ = {
			isa = XCBuildConfiguration;
			buildSettings = {
				ASSETCATALOG_COMPILER_APPICON_NAME = AppIcon;
				INFOPLIST_FILE = Layoutpractice/Info.plist;
				LD_RUNPATH_SEARCH_PATHS = "$(inherited) @executable_path/Frameworks";
				PRODUCT_BUNDLE_IDENTIFIER = www.forethink.nu.Layoutpractice;
				PRODUCT_NAME = "$(TARGET_NAME)";
			};
			name = Debug;
		};
		FD95676C1CF3397000B69ACB /* Release */ = {
			isa = XCBuildConfiguration;
			buildSettings = {
				ASSETCATALOG_COMPILER_APPICON_NAME = AppIcon;
				INFOPLIST_FILE = Layoutpractice/Info.plist;
				LD_RUNPATH_SEARCH_PATHS = "$(inherited) @executable_path/Frameworks";
				PRODUCT_BUNDLE_IDENTIFIER = www.forethink.nu.Layoutpractice;
				PRODUCT_NAME = "$(TARGET_NAME)";
			};
			name = Release;
		};
		FD95676E1CF3397000B69ACB /* Debug */ = {
			isa = XCBuildConfiguration;
			buildSettings = {
				BUNDLE_LOADER = "$(TEST_HOST)";
				INFOPLIST_FILE = LayoutpracticeTests/Info.plist;
				LD_RUNPATH_SEARCH_PATHS = "$(inherited) @executable_path/Frameworks @loader_path/Frameworks";
				PRODUCT_BUNDLE_IDENTIFIER = www.forethink.nu.LayoutpracticeTests;
				PRODUCT_NAME = "$(TARGET_NAME)";
				TEST_HOST = "$(BUILT_PRODUCTS_DIR)/Layoutpractice.app/Layoutpractice";
			};
			name = Debug;
		};
		FD95676F1CF3397000B69ACB /* Release */ = {
			isa = XCBuildConfiguration;
			buildSettings = {
				BUNDLE_LOADER = "$(TEST_HOST)";
				INFOPLIST_FILE = LayoutpracticeTests/Info.plist;
				LD_RUNPATH_SEARCH_PATHS = "$(inherited) @executable_path/Frameworks @loader_path/Frameworks";
				PRODUCT_BUNDLE_IDENTIFIER = www.forethink.nu.LayoutpracticeTests;
				PRODUCT_NAME = "$(TARGET_NAME)";
				TEST_HOST = "$(BUILT_PRODUCTS_DIR)/Layoutpractice.app/Layoutpractice";
			};
			name = Release;
		};
		FD9567711CF3397000B69ACB /* Debug */ = {
			isa = XCBuildConfiguration;
			buildSettings = {
				INFOPLIST_FILE = LayoutpracticeUITests/Info.plist;
				LD_RUNPATH_SEARCH_PATHS = "$(inherited) @executable_path/Frameworks @loader_path/Frameworks";
				PRODUCT_BUNDLE_IDENTIFIER = www.forethink.nu.LayoutpracticeUITests;
				PRODUCT_NAME = "$(TARGET_NAME)";
				TEST_TARGET_NAME = Layoutpractice;
			};
			name = Debug;
		};
		FD9567721CF3397000B69ACB /* Release */ = {
			isa = XCBuildConfiguration;
			buildSettings = {
				INFOPLIST_FILE = LayoutpracticeUITests/Info.plist;
				LD_RUNPATH_SEARCH_PATHS = "$(inherited) @executable_path/Frameworks @loader_path/Frameworks";
				PRODUCT_BUNDLE_IDENTIFIER = www.forethink.nu.LayoutpracticeUITests;
				PRODUCT_NAME = "$(TARGET_NAME)";
				TEST_TARGET_NAME = Layoutpractice;
			};
			name = Release;
		};
/* End XCBuildConfiguration section */

/* Begin XCConfigurationList section */
		FD95673D1CF3396F00B69ACB /* Build configuration list for PBXProject "Layoutpractice" */ = {
			isa = XCConfigurationList;
			buildConfigurations = (
				FD9567681CF3397000B69ACB /* Debug */,
				FD9567691CF3397000B69ACB /* Release */,
			);
			defaultConfigurationIsVisible = 0;
			defaultConfigurationName = Release;
		};
		FD95676A1CF3397000B69ACB /* Build configuration list for PBXNativeTarget "Layoutpractice" */ = {
			isa = XCConfigurationList;
			buildConfigurations = (
				FD95676B1CF3397000B69ACB /* Debug */,
				FD95676C1CF3397000B69ACB /* Release */,
			);
			defaultConfigurationIsVisible = 0;
		};
		FD95676D1CF3397000B69ACB /* Build configuration list for PBXNativeTarget "LayoutpracticeTests" */ = {
			isa = XCConfigurationList;
			buildConfigurations = (
				FD95676E1CF3397000B69ACB /* Debug */,
				FD95676F1CF3397000B69ACB /* Release */,
			);
			defaultConfigurationIsVisible = 0;
		};
		FD9567701CF3397000B69ACB /* Build configuration list for PBXNativeTarget "LayoutpracticeUITests" */ = {
			isa = XCConfigurationList;
			buildConfigurations = (
				FD9567711CF3397000B69ACB /* Debug */,
				FD9567721CF3397000B69ACB /* Release */,
			);
			defaultConfigurationIsVisible = 0;
		};
/* End XCConfigurationList section */
	};
	rootObject = FD95673A1CF3396F00B69ACB /* Project object */;
}
