// !$*UTF8*$!
{
	archiveVersion = 1;
	classes = {
	};
	objectVersion = 46;
	objects = {

/* Begin PBXBuildFile section */
		FDBA19D71CF8672600118BE3 /* AppDelegate.swift in Sources */ = {isa = PBXBuildFile; fileRef = FDBA19D61CF8672600118BE3 /* AppDelegate.swift */; };
		FDBA19D91CF8672600118BE3 /* ViewController.swift in Sources */ = {isa = PBXBuildFile; fileRef = FDBA19D81CF8672600118BE3 /* ViewController.swift */; };
		FDBA19DC1CF8672600118BE3 /* Main.storyboard in Resources */ = {isa = PBXBuildFile; fileRef = FDBA19DA1CF8672600118BE3 /* Main.storyboard */; };
		FDBA19DE1CF8672600118BE3 /* Assets.xcassets in Resources */ = {isa = PBXBuildFile; fileRef = FDBA19DD1CF8672600118BE3 /* Assets.xcassets */; };
		FDBA19E11CF8672600118BE3 /* LaunchScreen.storyboard in Resources */ = {isa = PBXBuildFile; fileRef = FDBA19DF1CF8672600118BE3 /* LaunchScreen.storyboard */; };
		FDBA19EC1CF8672600118BE3 /* AutoLayoutTest2Tests.swift in Sources */ = {isa = PBXBuildFile; fileRef = FDBA19EB1CF8672600118BE3 /* AutoLayoutTest2Tests.swift */; };
		FDBA19F71CF8672600118BE3 /* AutoLayoutTest2UITests.swift in Sources */ = {isa = PBXBuildFile; fileRef = FDBA19F61CF8672600118BE3 /* AutoLayoutTest2UITests.swift */; };
/* End PBXBuildFile section */

/* Begin PBXContainerItemProxy section */
		FDBA19E81CF8672600118BE3 /* PBXContainerItemProxy */ = {
			isa = PBXContainerItemProxy;
			containerPortal = FDBA19CB1CF8672600118BE3 /* Project object */;
			proxyType = 1;
			remoteGlobalIDString = FDBA19D21CF8672600118BE3;
			remoteInfo = AutoLayoutTest2;
		};
		FDBA19F31CF8672600118BE3 /* PBXContainerItemProxy */ = {
			isa = PBXContainerItemProxy;
			containerPortal = FDBA19CB1CF8672600118BE3 /* Project object */;
			proxyType = 1;
			remoteGlobalIDString = FDBA19D21CF8672600118BE3;
			remoteInfo = AutoLayoutTest2;
		};
/* End PBXContainerItemProxy section */

/* Begin PBXFileReference section */
		FDBA19D31CF8672600118BE3 /* AutoLayoutTest2.app */ = {isa = PBXFileReference; explicitFileType = wrapper.application; includeInIndex = 0; path = AutoLayoutTest2.app; sourceTree = BUILT_PRODUCTS_DIR; };
		FDBA19D61CF8672600118BE3 /* AppDelegate.swift */ = {isa = PBXFileReference; lastKnownFileType = sourcecode.swift; path = AppDelegate.swift; sourceTree = "<group>"; };
		FDBA19D81CF8672600118BE3 /* ViewController.swift */ = {isa = PBXFileReference; lastKnownFileType = sourcecode.swift; path = ViewController.swift; sourceTree = "<group>"; };
		FDBA19DB1CF8672600118BE3 /* Base */ = {isa = PBXFileReference; lastKnownFileType = file.storyboard; name = Base; path = Base.lproj/Main.storyboard; sourceTree = "<group>"; };
		FDBA19DD1CF8672600118BE3 /* Assets.xcassets */ = {isa = PBXFileReference; lastKnownFileType = folder.assetcatalog; path = Assets.xcassets; sourceTree = "<group>"; };
		FDBA19E01CF8672600118BE3 /* Base */ = {isa = PBXFileReference; lastKnownFileType = file.storyboard; name = Base; path = Base.lproj/LaunchScreen.storyboard; sourceTree = "<group>"; };
		FDBA19E21CF8672600118BE3 /* Info.plist */ = {isa = PBXFileReference; lastKnownFileType = text.plist.xml; path = Info.plist; sourceTree = "<group>"; };
		FDBA19E71CF8672600118BE3 /* AutoLayoutTest2Tests.xctest */ = {isa = PBXFileReference; explicitFileType = wrapper.cfbundle; includeInIndex = 0; path = AutoLayoutTest2Tests.xctest; sourceTree = BUILT_PRODUCTS_DIR; };
		FDBA19EB1CF8672600118BE3 /* AutoLayoutTest2Tests.swift */ = {isa = PBXFileReference; lastKnownFileType = sourcecode.swift; path = AutoLayoutTest2Tests.swift; sourceTree = "<group>"; };
		FDBA19ED1CF8672600118BE3 /* Info.plist */ = {isa = PBXFileReference; lastKnownFileType = text.plist.xml; path = Info.plist; sourceTree = "<group>"; };
		FDBA19F21CF8672600118BE3 /* AutoLayoutTest2UITests.xctest */ = {isa = PBXFileReference; explicitFileType = wrapper.cfbundle; includeInIndex = 0; path = AutoLayoutTest2UITests.xctest; sourceTree = BUILT_PRODUCTS_DIR; };
		FDBA19F61CF8672600118BE3 /* AutoLayoutTest2UITests.swift */ = {isa = PBXFileReference; lastKnownFileType = sourcecode.swift; path = AutoLayoutTest2UITests.swift; sourceTree = "<group>"; };
		FDBA19F81CF8672600118BE3 /* Info.plist */ = {isa = PBXFileReference; lastKnownFileType = text.plist.xml; path = Info.plist; sourceTree = "<group>"; };
/* End PBXFileReference section */

/* Begin PBXFrameworksBuildPhase section */
		FDBA19D01CF8672600118BE3 /* Frameworks */ = {
			isa = PBXFrameworksBuildPhase;
			buildActionMask = 2147483647;
			files = (
			);
			runOnlyForDeploymentPostprocessing = 0;
		};
		FDBA19E41CF8672600118BE3 /* Frameworks */ = {
			isa = PBXFrameworksBuildPhase;
			buildActionMask = 2147483647;
			files = (
			);
			runOnlyForDeploymentPostprocessing = 0;
		};
		FDBA19EF1CF8672600118BE3 /* Frameworks */ = {
			isa = PBXFrameworksBuildPhase;
			buildActionMask = 2147483647;
			files = (
			);
			runOnlyForDeploymentPostprocessing = 0;
		};
/* End PBXFrameworksBuildPhase section */

/* Begin PBXGroup section */
		FDBA19CA1CF8672600118BE3 = {
			isa = PBXGroup;
			children = (
				FDBA19D51CF8672600118BE3 /* AutoLayoutTest2 */,
				FDBA19EA1CF8672600118BE3 /* AutoLayoutTest2Tests */,
				FDBA19F51CF8672600118BE3 /* AutoLayoutTest2UITests */,
				FDBA19D41CF8672600118BE3 /* Products */,
			);
			sourceTree = "<group>";
		};
		FDBA19D41CF8672600118BE3 /* Products */ = {
			isa = PBXGroup;
			children = (
				FDBA19D31CF8672600118BE3 /* AutoLayoutTest2.app */,
				FDBA19E71CF8672600118BE3 /* AutoLayoutTest2Tests.xctest */,
				FDBA19F21CF8672600118BE3 /* AutoLayoutTest2UITests.xctest */,
			);
			name = Products;
			sourceTree = "<group>";
		};
		FDBA19D51CF8672600118BE3 /* AutoLayoutTest2 */ = {
			isa = PBXGroup;
			children = (
				FDBA19D61CF8672600118BE3 /* AppDelegate.swift */,
				FDBA19D81CF8672600118BE3 /* ViewController.swift */,
				FDBA19DA1CF8672600118BE3 /* Main.storyboard */,
				FDBA19DD1CF8672600118BE3 /* Assets.xcassets */,
				FDBA19DF1CF8672600118BE3 /* LaunchScreen.storyboard */,
				FDBA19E21CF8672600118BE3 /* Info.plist */,
			);
			path = AutoLayoutTest2;
			sourceTree = "<group>";
		};
		FDBA19EA1CF8672600118BE3 /* AutoLayoutTest2Tests */ = {
			isa = PBXGroup;
			children = (
				FDBA19EB1CF8672600118BE3 /* AutoLayoutTest2Tests.swift */,
				FDBA19ED1CF8672600118BE3 /* Info.plist */,
			);
			path = AutoLayoutTest2Tests;
			sourceTree = "<group>";
		};
		FDBA19F51CF8672600118BE3 /* AutoLayoutTest2UITests */ = {
			isa = PBXGroup;
			children = (
				FDBA19F61CF8672600118BE3 /* AutoLayoutTest2UITests.swift */,
				FDBA19F81CF8672600118BE3 /* Info.plist */,
			);
			path = AutoLayoutTest2UITests;
			sourceTree = "<group>";
		};
/* End PBXGroup section */

/* Begin PBXNativeTarget section */
		FDBA19D21CF8672600118BE3 /* AutoLayoutTest2 */ = {
			isa = PBXNativeTarget;
			buildConfigurationList = FDBA19FB1CF8672600118BE3 /* Build configuration list for PBXNativeTarget "AutoLayoutTest2" */;
			buildPhases = (
				FDBA19CF1CF8672600118BE3 /* Sources */,
				FDBA19D01CF8672600118BE3 /* Frameworks */,
				FDBA19D11CF8672600118BE3 /* Resources */,
			);
			buildRules = (
			);
			dependencies = (
			);
			name = AutoLayoutTest2;
			productName = AutoLayoutTest2;
			productReference = FDBA19D31CF8672600118BE3 /* AutoLayoutTest2.app */;
			productType = "com.apple.product-type.application";
		};
		FDBA19E61CF8672600118BE3 /* AutoLayoutTest2Tests */ = {
			isa = PBXNativeTarget;
			buildConfigurationList = FDBA19FE1CF8672600118BE3 /* Build configuration list for PBXNativeTarget "AutoLayoutTest2Tests" */;
			buildPhases = (
				FDBA19E31CF8672600118BE3 /* Sources */,
				FDBA19E41CF8672600118BE3 /* Frameworks */,
				FDBA19E51CF8672600118BE3 /* Resources */,
			);
			buildRules = (
			);
			dependencies = (
				FDBA19E91CF8672600118BE3 /* PBXTargetDependency */,
			);
			name = AutoLayoutTest2Tests;
			productName = AutoLayoutTest2Tests;
			productReference = FDBA19E71CF8672600118BE3 /* AutoLayoutTest2Tests.xctest */;
			productType = "com.apple.product-type.bundle.unit-test";
		};
		FDBA19F11CF8672600118BE3 /* AutoLayoutTest2UITests */ = {
			isa = PBXNativeTarget;
			buildConfigurationList = FDBA1A011CF8672600118BE3 /* Build configuration list for PBXNativeTarget "AutoLayoutTest2UITests" */;
			buildPhases = (
				FDBA19EE1CF8672600118BE3 /* Sources */,
				FDBA19EF1CF8672600118BE3 /* Frameworks */,
				FDBA19F01CF8672600118BE3 /* Resources */,
			);
			buildRules = (
			);
			dependencies = (
				FDBA19F41CF8672600118BE3 /* PBXTargetDependency */,
			);
			name = AutoLayoutTest2UITests;
			productName = AutoLayoutTest2UITests;
			productReference = FDBA19F21CF8672600118BE3 /* AutoLayoutTest2UITests.xctest */;
			productType = "com.apple.product-type.bundle.ui-testing";
		};
/* End PBXNativeTarget section */

/* Begin PBXProject section */
		FDBA19CB1CF8672600118BE3 /* Project object */ = {
			isa = PBXProject;
			attributes = {
				LastSwiftUpdateCheck = 0730;
				LastUpgradeCheck = 0730;
				ORGANIZATIONNAME = Forethink;
				TargetAttributes = {
					FDBA19D21CF8672600118BE3 = {
						CreatedOnToolsVersion = 7.3.1;
						DevelopmentTeam = 8JVR9SET2E;
					};
					FDBA19E61CF8672600118BE3 = {
						CreatedOnToolsVersion = 7.3.1;
						TestTargetID = FDBA19D21CF8672600118BE3;
					};
					FDBA19F11CF8672600118BE3 = {
						CreatedOnToolsVersion = 7.3.1;
						TestTargetID = FDBA19D21CF8672600118BE3;
					};
				};
			};
			buildConfigurationList = FDBA19CE1CF8672600118BE3 /* Build configuration list for PBXProject "AutoLayoutTest2" */;
			compatibilityVersion = "Xcode 3.2";
			developmentRegion = English;
			hasScannedForEncodings = 0;
			knownRegions = (
				en,
				Base,
			);
			mainGroup = FDBA19CA1CF8672600118BE3;
			productRefGroup = FDBA19D41CF8672600118BE3 /* Products */;
			projectDirPath = "";
			projectRoot = "";
			targets = (
				FDBA19D21CF8672600118BE3 /* AutoLayoutTest2 */,
				FDBA19E61CF8672600118BE3 /* AutoLayoutTest2Tests */,
				FDBA19F11CF8672600118BE3 /* AutoLayoutTest2UITests */,
			);
		};
/* End PBXProject section */

/* Begin PBXResourcesBuildPhase section */
		FDBA19D11CF8672600118BE3 /* Resources */ = {
			isa = PBXResourcesBuildPhase;
			buildActionMask = 2147483647;
			files = (
				FDBA19E11CF8672600118BE3 /* LaunchScreen.storyboard in Resources */,
				FDBA19DE1CF8672600118BE3 /* Assets.xcassets in Resources */,
				FDBA19DC1CF8672600118BE3 /* Main.storyboard in Resources */,
			);
			runOnlyForDeploymentPostprocessing = 0;
		};
		FDBA19E51CF8672600118BE3 /* Resources */ = {
			isa = PBXResourcesBuildPhase;
			buildActionMask = 2147483647;
			files = (
			);
			runOnlyForDeploymentPostprocessing = 0;
		};
		FDBA19F01CF8672600118BE3 /* Resources */ = {
			isa = PBXResourcesBuildPhase;
			buildActionMask = 2147483647;
			files = (
			);
			runOnlyForDeploymentPostprocessing = 0;
		};
/* End PBXResourcesBuildPhase section */

/* Begin PBXSourcesBuildPhase section */
		FDBA19CF1CF8672600118BE3 /* Sources */ = {
			isa = PBXSourcesBuildPhase;
			buildActionMask = 2147483647;
			files = (
				FDBA19D91CF8672600118BE3 /* ViewController.swift in Sources */,
				FDBA19D71CF8672600118BE3 /* AppDelegate.swift in Sources */,
			);
			runOnlyForDeploymentPostprocessing = 0;
		};
		FDBA19E31CF8672600118BE3 /* Sources */ = {
			isa = PBXSourcesBuildPhase;
			buildActionMask = 2147483647;
			files = (
				FDBA19EC1CF8672600118BE3 /* AutoLayoutTest2Tests.swift in Sources */,
			);
			runOnlyForDeploymentPostprocessing = 0;
		};
		FDBA19EE1CF8672600118BE3 /* Sources */ = {
			isa = PBXSourcesBuildPhase;
			buildActionMask = 2147483647;
			files = (
				FDBA19F71CF8672600118BE3 /* AutoLayoutTest2UITests.swift in Sources */,
			);
			runOnlyForDeploymentPostprocessing = 0;
		};
/* End PBXSourcesBuildPhase section */

/* Begin PBXTargetDependency section */
		FDBA19E91CF8672600118BE3 /* PBXTargetDependency */ = {
			isa = PBXTargetDependency;
			target = FDBA19D21CF8672600118BE3 /* AutoLayoutTest2 */;
			targetProxy = FDBA19E81CF8672600118BE3 /* PBXContainerItemProxy */;
		};
		FDBA19F41CF8672600118BE3 /* PBXTargetDependency */ = {
			isa = PBXTargetDependency;
			target = FDBA19D21CF8672600118BE3 /* AutoLayoutTest2 */;
			targetProxy = FDBA19F31CF8672600118BE3 /* PBXContainerItemProxy */;
		};
/* End PBXTargetDependency section */

/* Begin PBXVariantGroup section */
		FDBA19DA1CF8672600118BE3 /* Main.storyboard */ = {
			isa = PBXVariantGroup;
			children = (
				FDBA19DB1CF8672600118BE3 /* Base */,
			);
			name = Main.storyboard;
			sourceTree = "<group>";
		};
		FDBA19DF1CF8672600118BE3 /* LaunchScreen.storyboard */ = {
			isa = PBXVariantGroup;
			children = (
				FDBA19E01CF8672600118BE3 /* Base */,
			);
			name = LaunchScreen.storyboard;
			sourceTree = "<group>";
		};
/* End PBXVariantGroup section */

/* Begin XCBuildConfiguration section */
		FDBA19F91CF8672600118BE3 /* Debug */ = {
			isa = XCBuildConfiguration;
			buildSettings = {
				ALWAYS_SEARCH_USER_PATHS = NO;
				CLANG_ANALYZER_NONNULL = YES;
				CLANG_CXX_LANGUAGE_STANDARD = "gnu++0x";
				CLANG_CXX_LIBRARY = "libc++";
				CLANG_ENABLE_MODULES = YES;
				CLANG_ENABLE_OBJC_ARC = YES;
				CLANG_WARN_BOOL_CONVERSION = YES;
				CLANG_WARN_CONSTANT_CONVERSION = YES;
				CLANG_WARN_DIRECT_OBJC_ISA_USAGE = YES_ERROR;
				CLANG_WARN_EMPTY_BODY = YES;
				CLANG_WARN_ENUM_CONVERSION = YES;
				CLANG_WARN_INT_CONVERSION = YES;
				CLANG_WARN_OBJC_ROOT_CLASS = YES_ERROR;
				CLANG_WARN_UNREACHABLE_CODE = YES;
				CLANG_WARN__DUPLICATE_METHOD_MATCH = YES;
				"CODE_SIGN_IDENTITY[sdk=iphoneos*]" = "iPhone Developer";
				COPY_PHASE_STRIP = NO;
				DEBUG_INFORMATION_FORMAT = dwarf;
				ENABLE_STRICT_OBJC_MSGSEND = YES;
				ENABLE_TESTABILITY = YES;
				GCC_C_LANGUAGE_STANDARD = gnu99;
				GCC_DYNAMIC_NO_PIC = NO;
				GCC_NO_COMMON_BLOCKS = YES;
				GCC_OPTIMIZATION_LEVEL = 0;
				GCC_PREPROCESSOR_DEFINITIONS = (
					"DEBUG=1",
					"$(inherited)",
				);
				GCC_WARN_64_TO_32_BIT_CONVERSION = YES;
				GCC_WARN_ABOUT_RETURN_TYPE = YES_ERROR;
				GCC_WARN_UNDECLARED_SELECTOR = YES;
				GCC_WARN_UNINITIALIZED_AUTOS = YES_AGGRESSIVE;
				GCC_WARN_UNUSED_FUNCTION = YES;
				GCC_WARN_UNUSED_VARIABLE = YES;
				IPHONEOS_DEPLOYMENT_TARGET = 9.3;
				MTL_ENABLE_DEBUG_INFO = YES;
				ONLY_ACTIVE_ARCH = YES;
				SDKROOT = iphoneos;
				SWIFT_OPTIMIZATION_LEVEL = "-Onone";
				TARGETED_DEVICE_FAMILY = "1,2";
			};
			name = Debug;
		};
		FDBA19FA1CF8672600118BE3 /* Release */ = {
			isa = XCBuildConfiguration;
			buildSettings = {
				ALWAYS_SEARCH_USER_PATHS = NO;
				CLANG_ANALYZER_NONNULL = YES;
				CLANG_CXX_LANGUAGE_STANDARD = "gnu++0x";
				CLANG_CXX_LIBRARY = "libc++";
				CLANG_ENABLE_MODULES = YES;
				CLANG_ENABLE_OBJC_ARC = YES;
				CLANG_WARN_BOOL_CONVERSION = YES;
				CLANG_WARN_CONSTANT_CONVERSION = YES;
				CLANG_WARN_DIRECT_OBJC_ISA_USAGE = YES_ERROR;
				CLANG_WARN_EMPTY_BODY = YES;
				CLANG_WARN_ENUM_CONVERSION = YES;
				CLANG_WARN_INT_CONVERSION = YES;
				CLANG_WARN_OBJC_ROOT_CLASS = YES_ERROR;
				CLANG_WARN_UNREACHABLE_CODE = YES;
				CLANG_WARN__DUPLICATE_METHOD_MATCH = YES;
				"CODE_SIGN_IDENTITY[sdk=iphoneos*]" = "iPhone Developer";
				COPY_PHASE_STRIP = NO;
				DEBUG_INFORMATION_FORMAT = "dwarf-with-dsym";
				ENABLE_NS_ASSERTIONS = NO;
				ENABLE_STRICT_OBJC_MSGSEND = YES;
				GCC_C_LANGUAGE_STANDARD = gnu99;
				GCC_NO_COMMON_BLOCKS = YES;
				GCC_WARN_64_TO_32_BIT_CONVERSION = YES;
				GCC_WARN_ABOUT_RETURN_TYPE = YES_ERROR;
				GCC_WARN_UNDECLARED_SELECTOR = YES;
				GCC_WARN_UNINITIALIZED_AUTOS = YES_AGGRESSIVE;
				GCC_WARN_UNUSED_FUNCTION = YES;
				GCC_WARN_UNUSED_VARIABLE = YES;
				IPHONEOS_DEPLOYMENT_TARGET = 9.3;
				MTL_ENABLE_DEBUG_INFO = NO;
				SDKROOT = iphoneos;
				TARGETED_DEVICE_FAMILY = "1,2";
				VALIDATE_PRODUCT = YES;
			};
			name = Release;
		};
		FDBA19FC1CF8672600118BE3 /* Debug */ = {
			isa = XCBuildConfiguration;
			buildSettings = {
				ASSETCATALOG_COMPILER_APPICON_NAME = AppIcon;
				CODE_SIGN_IDENTITY = "iPhone Developer";
				INFOPLIST_FILE = AutoLayoutTest2/Info.plist;
				LD_RUNPATH_SEARCH_PATHS = "$(inherited) @executable_path/Frameworks";
				PRODUCT_BUNDLE_IDENTIFIER = www.forethink.nu.AutoLayoutTest2;
				PRODUCT_NAME = "$(TARGET_NAME)";
			};
			name = Debug;
		};
		FDBA19FD1CF8672600118BE3 /* Release */ = {
			isa = XCBuildConfiguration;
			buildSettings = {
				ASSETCATALOG_COMPILER_APPICON_NAME = AppIcon;
				CODE_SIGN_IDENTITY = "iPhone Developer";
				INFOPLIST_FILE = AutoLayoutTest2/Info.plist;
				LD_RUNPATH_SEARCH_PATHS = "$(inherited) @executable_path/Frameworks";
				PRODUCT_BUNDLE_IDENTIFIER = www.forethink.nu.AutoLayoutTest2;
				PRODUCT_NAME = "$(TARGET_NAME)";
			};
			name = Release;
		};
		FDBA19FF1CF8672600118BE3 /* Debug */ = {
			isa = XCBuildConfiguration;
			buildSettings = {
				BUNDLE_LOADER = "$(TEST_HOST)";
				INFOPLIST_FILE = AutoLayoutTest2Tests/Info.plist;
				LD_RUNPATH_SEARCH_PATHS = "$(inherited) @executable_path/Frameworks @loader_path/Frameworks";
				PRODUCT_BUNDLE_IDENTIFIER = www.forethink.nu.AutoLayoutTest2Tests;
				PRODUCT_NAME = "$(TARGET_NAME)";
				TEST_HOST = "$(BUILT_PRODUCTS_DIR)/AutoLayoutTest2.app/AutoLayoutTest2";
			};
			name = Debug;
		};
		FDBA1A001CF8672600118BE3 /* Release */ = {
			isa = XCBuildConfiguration;
			buildSettings = {
				BUNDLE_LOADER = "$(TEST_HOST)";
				INFOPLIST_FILE = AutoLayoutTest2Tests/Info.plist;
				LD_RUNPATH_SEARCH_PATHS = "$(inherited) @executable_path/Frameworks @loader_path/Frameworks";
				PRODUCT_BUNDLE_IDENTIFIER = www.forethink.nu.AutoLayoutTest2Tests;
				PRODUCT_NAME = "$(TARGET_NAME)";
				TEST_HOST = "$(BUILT_PRODUCTS_DIR)/AutoLayoutTest2.app/AutoLayoutTest2";
			};
			name = Release;
		};
		FDBA1A021CF8672600118BE3 /* Debug */ = {
			isa = XCBuildConfiguration;
			buildSettings = {
				INFOPLIST_FILE = AutoLayoutTest2UITests/Info.plist;
				LD_RUNPATH_SEARCH_PATHS = "$(inherited) @executable_path/Frameworks @loader_path/Frameworks";
				PRODUCT_BUNDLE_IDENTIFIER = www.forethink.nu.AutoLayoutTest2UITests;
				PRODUCT_NAME = "$(TARGET_NAME)";
				TEST_TARGET_NAME = AutoLayoutTest2;
			};
			name = Debug;
		};
		FDBA1A031CF8672600118BE3 /* Release */ = {
			isa = XCBuildConfiguration;
			buildSettings = {
				INFOPLIST_FILE = AutoLayoutTest2UITests/Info.plist;
				LD_RUNPATH_SEARCH_PATHS = "$(inherited) @executable_path/Frameworks @loader_path/Frameworks";
				PRODUCT_BUNDLE_IDENTIFIER = www.forethink.nu.AutoLayoutTest2UITests;
				PRODUCT_NAME = "$(TARGET_NAME)";
				TEST_TARGET_NAME = AutoLayoutTest2;
			};
			name = Release;
		};
/* End XCBuildConfiguration section */

/* Begin XCConfigurationList section */
		FDBA19CE1CF8672600118BE3 /* Build configuration list for PBXProject "AutoLayoutTest2" */ = {
			isa = XCConfigurationList;
			buildConfigurations = (
				FDBA19F91CF8672600118BE3 /* Debug */,
				FDBA19FA1CF8672600118BE3 /* Release */,
			);
			defaultConfigurationIsVisible = 0;
			defaultConfigurationName = Release;
		};
		FDBA19FB1CF8672600118BE3 /* Build configuration list for PBXNativeTarget "AutoLayoutTest2" */ = {
			isa = XCConfigurationList;
			buildConfigurations = (
				FDBA19FC1CF8672600118BE3 /* Debug */,
				FDBA19FD1CF8672600118BE3 /* Release */,
			);
			defaultConfigurationIsVisible = 0;
		};
		FDBA19FE1CF8672600118BE3 /* Build configuration list for PBXNativeTarget "AutoLayoutTest2Tests" */ = {
			isa = XCConfigurationList;
			buildConfigurations = (
				FDBA19FF1CF8672600118BE3 /* Debug */,
				FDBA1A001CF8672600118BE3 /* Release */,
			);
			defaultConfigurationIsVisible = 0;
		};
		FDBA1A011CF8672600118BE3 /* Build configuration list for PBXNativeTarget "AutoLayoutTest2UITests" */ = {
			isa = XCConfigurationList;
			buildConfigurations = (
				FDBA1A021CF8672600118BE3 /* Debug */,
				FDBA1A031CF8672600118BE3 /* Release */,
			);
			defaultConfigurationIsVisible = 0;
		};
/* End XCConfigurationList section */
	};
	rootObject = FDBA19CB1CF8672600118BE3 /* Project object */;
}
