// !$*UTF8*$!
{
	archiveVersion = 1;
	classes = {
	};
	objectVersion = 46;
	objects = {

/* Begin PBXBuildFile section */
		FD67DEF41CF4F10900D73F61 /* AppDelegate.swift in Sources */ = {isa = PBXBuildFile; fileRef = FD67DEF31CF4F10900D73F61 /* AppDelegate.swift */; };
		FD67DEF61CF4F10900D73F61 /* ViewController.swift in Sources */ = {isa = PBXBuildFile; fileRef = FD67DEF51CF4F10900D73F61 /* ViewController.swift */; };
		FD67DEF91CF4F10900D73F61 /* Main.storyboard in Resources */ = {isa = PBXBuildFile; fileRef = FD67DEF71CF4F10900D73F61 /* Main.storyboard */; };
		FD67DEFB1CF4F10900D73F61 /* Assets.xcassets in Resources */ = {isa = PBXBuildFile; fileRef = FD67DEFA1CF4F10900D73F61 /* Assets.xcassets */; };
		FD67DEFE1CF4F10900D73F61 /* LaunchScreen.storyboard in Resources */ = {isa = PBXBuildFile; fileRef = FD67DEFC1CF4F10900D73F61 /* LaunchScreen.storyboard */; };
		FD67DF091CF4F10900D73F61 /* TapperTests.swift in Sources */ = {isa = PBXBuildFile; fileRef = FD67DF081CF4F10900D73F61 /* TapperTests.swift */; };
		FD67DF141CF4F10900D73F61 /* TapperUITests.swift in Sources */ = {isa = PBXBuildFile; fileRef = FD67DF131CF4F10900D73F61 /* TapperUITests.swift */; };
/* End PBXBuildFile section */

/* Begin PBXContainerItemProxy section */
		FD67DF051CF4F10900D73F61 /* PBXContainerItemProxy */ = {
			isa = PBXContainerItemProxy;
			containerPortal = FD67DEE81CF4F10900D73F61 /* Project object */;
			proxyType = 1;
			remoteGlobalIDString = FD67DEEF1CF4F10900D73F61;
			remoteInfo = Tapper;
		};
		FD67DF101CF4F10900D73F61 /* PBXContainerItemProxy */ = {
			isa = PBXContainerItemProxy;
			containerPortal = FD67DEE81CF4F10900D73F61 /* Project object */;
			proxyType = 1;
			remoteGlobalIDString = FD67DEEF1CF4F10900D73F61;
			remoteInfo = Tapper;
		};
/* End PBXContainerItemProxy section */

/* Begin PBXFileReference section */
		FD67DEF01CF4F10900D73F61 /* Tapper.app */ = {isa = PBXFileReference; explicitFileType = wrapper.application; includeInIndex = 0; path = Tapper.app; sourceTree = BUILT_PRODUCTS_DIR; };
		FD67DEF31CF4F10900D73F61 /* AppDelegate.swift */ = {isa = PBXFileReference; lastKnownFileType = sourcecode.swift; path = AppDelegate.swift; sourceTree = "<group>"; };
		FD67DEF51CF4F10900D73F61 /* ViewController.swift */ = {isa = PBXFileReference; lastKnownFileType = sourcecode.swift; path = ViewController.swift; sourceTree = "<group>"; };
		FD67DEF81CF4F10900D73F61 /* Base */ = {isa = PBXFileReference; lastKnownFileType = file.storyboard; name = Base; path = Base.lproj/Main.storyboard; sourceTree = "<group>"; };
		FD67DEFA1CF4F10900D73F61 /* Assets.xcassets */ = {isa = PBXFileReference; lastKnownFileType = folder.assetcatalog; path = Assets.xcassets; sourceTree = "<group>"; };
		FD67DEFD1CF4F10900D73F61 /* Base */ = {isa = PBXFileReference; lastKnownFileType = file.storyboard; name = Base; path = Base.lproj/LaunchScreen.storyboard; sourceTree = "<group>"; };
		FD67DEFF1CF4F10900D73F61 /* Info.plist */ = {isa = PBXFileReference; lastKnownFileType = text.plist.xml; path = Info.plist; sourceTree = "<group>"; };
		FD67DF041CF4F10900D73F61 /* TapperTests.xctest */ = {isa = PBXFileReference; explicitFileType = wrapper.cfbundle; includeInIndex = 0; path = TapperTests.xctest; sourceTree = BUILT_PRODUCTS_DIR; };
		FD67DF081CF4F10900D73F61 /* TapperTests.swift */ = {isa = PBXFileReference; lastKnownFileType = sourcecode.swift; path = TapperTests.swift; sourceTree = "<group>"; };
		FD67DF0A1CF4F10900D73F61 /* Info.plist */ = {isa = PBXFileReference; lastKnownFileType = text.plist.xml; path = Info.plist; sourceTree = "<group>"; };
		FD67DF0F1CF4F10900D73F61 /* TapperUITests.xctest */ = {isa = PBXFileReference; explicitFileType = wrapper.cfbundle; includeInIndex = 0; path = TapperUITests.xctest; sourceTree = BUILT_PRODUCTS_DIR; };
		FD67DF131CF4F10900D73F61 /* TapperUITests.swift */ = {isa = PBXFileReference; lastKnownFileType = sourcecode.swift; path = TapperUITests.swift; sourceTree = "<group>"; };
		FD67DF151CF4F10900D73F61 /* Info.plist */ = {isa = PBXFileReference; lastKnownFileType = text.plist.xml; path = Info.plist; sourceTree = "<group>"; };
/* End PBXFileReference section */

/* Begin PBXFrameworksBuildPhase section */
		FD67DEED1CF4F10900D73F61 /* Frameworks */ = {
			isa = PBXFrameworksBuildPhase;
			buildActionMask = 2147483647;
			files = (
			);
			runOnlyForDeploymentPostprocessing = 0;
		};
		FD67DF011CF4F10900D73F61 /* Frameworks */ = {
			isa = PBXFrameworksBuildPhase;
			buildActionMask = 2147483647;
			files = (
			);
			runOnlyForDeploymentPostprocessing = 0;
		};
		FD67DF0C1CF4F10900D73F61 /* Frameworks */ = {
			isa = PBXFrameworksBuildPhase;
			buildActionMask = 2147483647;
			files = (
			);
			runOnlyForDeploymentPostprocessing = 0;
		};
/* End PBXFrameworksBuildPhase section */

/* Begin PBXGroup section */
		FD67DEE71CF4F10900D73F61 = {
			isa = PBXGroup;
			children = (
				FD67DEF21CF4F10900D73F61 /* Tapper */,
				FD67DF071CF4F10900D73F61 /* TapperTests */,
				FD67DF121CF4F10900D73F61 /* TapperUITests */,
				FD67DEF11CF4F10900D73F61 /* Products */,
			);
			sourceTree = "<group>";
		};
		FD67DEF11CF4F10900D73F61 /* Products */ = {
			isa = PBXGroup;
			children = (
				FD67DEF01CF4F10900D73F61 /* Tapper.app */,
				FD67DF041CF4F10900D73F61 /* TapperTests.xctest */,
				FD67DF0F1CF4F10900D73F61 /* TapperUITests.xctest */,
			);
			name = Products;
			sourceTree = "<group>";
		};
		FD67DEF21CF4F10900D73F61 /* Tapper */ = {
			isa = PBXGroup;
			children = (
				FD67DEF31CF4F10900D73F61 /* AppDelegate.swift */,
				FD67DEF51CF4F10900D73F61 /* ViewController.swift */,
				FD67DEF71CF4F10900D73F61 /* Main.storyboard */,
				FD67DEFA1CF4F10900D73F61 /* Assets.xcassets */,
				FD67DEFC1CF4F10900D73F61 /* LaunchScreen.storyboard */,
				FD67DEFF1CF4F10900D73F61 /* Info.plist */,
			);
			path = Tapper;
			sourceTree = "<group>";
		};
		FD67DF071CF4F10900D73F61 /* TapperTests */ = {
			isa = PBXGroup;
			children = (
				FD67DF081CF4F10900D73F61 /* TapperTests.swift */,
				FD67DF0A1CF4F10900D73F61 /* Info.plist */,
			);
			path = TapperTests;
			sourceTree = "<group>";
		};
		FD67DF121CF4F10900D73F61 /* TapperUITests */ = {
			isa = PBXGroup;
			children = (
				FD67DF131CF4F10900D73F61 /* TapperUITests.swift */,
				FD67DF151CF4F10900D73F61 /* Info.plist */,
			);
			path = TapperUITests;
			sourceTree = "<group>";
		};
/* End PBXGroup section */

/* Begin PBXNativeTarget section */
		FD67DEEF1CF4F10900D73F61 /* Tapper */ = {
			isa = PBXNativeTarget;
			buildConfigurationList = FD67DF181CF4F10900D73F61 /* Build configuration list for PBXNativeTarget "Tapper" */;
			buildPhases = (
				FD67DEEC1CF4F10900D73F61 /* Sources */,
				FD67DEED1CF4F10900D73F61 /* Frameworks */,
				FD67DEEE1CF4F10900D73F61 /* Resources */,
			);
			buildRules = (
			);
			dependencies = (
			);
			name = Tapper;
			productName = Tapper;
			productReference = FD67DEF01CF4F10900D73F61 /* Tapper.app */;
			productType = "com.apple.product-type.application";
		};
		FD67DF031CF4F10900D73F61 /* TapperTests */ = {
			isa = PBXNativeTarget;
			buildConfigurationList = FD67DF1B1CF4F10900D73F61 /* Build configuration list for PBXNativeTarget "TapperTests" */;
			buildPhases = (
				FD67DF001CF4F10900D73F61 /* Sources */,
				FD67DF011CF4F10900D73F61 /* Frameworks */,
				FD67DF021CF4F10900D73F61 /* Resources */,
			);
			buildRules = (
			);
			dependencies = (
				FD67DF061CF4F10900D73F61 /* PBXTargetDependency */,
			);
			name = TapperTests;
			productName = TapperTests;
			productReference = FD67DF041CF4F10900D73F61 /* TapperTests.xctest */;
			productType = "com.apple.product-type.bundle.unit-test";
		};
		FD67DF0E1CF4F10900D73F61 /* TapperUITests */ = {
			isa = PBXNativeTarget;
			buildConfigurationList = FD67DF1E1CF4F10900D73F61 /* Build configuration list for PBXNativeTarget "TapperUITests" */;
			buildPhases = (
				FD67DF0B1CF4F10900D73F61 /* Sources */,
				FD67DF0C1CF4F10900D73F61 /* Frameworks */,
				FD67DF0D1CF4F10900D73F61 /* Resources */,
			);
			buildRules = (
			);
			dependencies = (
				FD67DF111CF4F10900D73F61 /* PBXTargetDependency */,
			);
			name = TapperUITests;
			productName = TapperUITests;
			productReference = FD67DF0F1CF4F10900D73F61 /* TapperUITests.xctest */;
			productType = "com.apple.product-type.bundle.ui-testing";
		};
/* End PBXNativeTarget section */

/* Begin PBXProject section */
		FD67DEE81CF4F10900D73F61 /* Project object */ = {
			isa = PBXProject;
			attributes = {
				LastSwiftUpdateCheck = 0730;
				LastUpgradeCheck = 0730;
				ORGANIZATIONNAME = "Donghoon bae";
				TargetAttributes = {
					FD67DEEF1CF4F10900D73F61 = {
						CreatedOnToolsVersion = 7.3.1;
					};
					FD67DF031CF4F10900D73F61 = {
						CreatedOnToolsVersion = 7.3.1;
						TestTargetID = FD67DEEF1CF4F10900D73F61;
					};
					FD67DF0E1CF4F10900D73F61 = {
						CreatedOnToolsVersion = 7.3.1;
						TestTargetID = FD67DEEF1CF4F10900D73F61;
					};
				};
			};
			buildConfigurationList = FD67DEEB1CF4F10900D73F61 /* Build configuration list for PBXProject "Tapper" */;
			compatibilityVersion = "Xcode 3.2";
			developmentRegion = English;
			hasScannedForEncodings = 0;
			knownRegions = (
				en,
				Base,
			);
			mainGroup = FD67DEE71CF4F10900D73F61;
			productRefGroup = FD67DEF11CF4F10900D73F61 /* Products */;
			projectDirPath = "";
			projectRoot = "";
			targets = (
				FD67DEEF1CF4F10900D73F61 /* Tapper */,
				FD67DF031CF4F10900D73F61 /* TapperTests */,
				FD67DF0E1CF4F10900D73F61 /* TapperUITests */,
			);
		};
/* End PBXProject section */

/* Begin PBXResourcesBuildPhase section */
		FD67DEEE1CF4F10900D73F61 /* Resources */ = {
			isa = PBXResourcesBuildPhase;
			buildActionMask = 2147483647;
			files = (
				FD67DEFE1CF4F10900D73F61 /* LaunchScreen.storyboard in Resources */,
				FD67DEFB1CF4F10900D73F61 /* Assets.xcassets in Resources */,
				FD67DEF91CF4F10900D73F61 /* Main.storyboard in Resources */,
			);
			runOnlyForDeploymentPostprocessing = 0;
		};
		FD67DF021CF4F10900D73F61 /* Resources */ = {
			isa = PBXResourcesBuildPhase;
			buildActionMask = 2147483647;
			files = (
			);
			runOnlyForDeploymentPostprocessing = 0;
		};
		FD67DF0D1CF4F10900D73F61 /* Resources */ = {
			isa = PBXResourcesBuildPhase;
			buildActionMask = 2147483647;
			files = (
			);
			runOnlyForDeploymentPostprocessing = 0;
		};
/* End PBXResourcesBuildPhase section */

/* Begin PBXSourcesBuildPhase section */
		FD67DEEC1CF4F10900D73F61 /* Sources */ = {
			isa = PBXSourcesBuildPhase;
			buildActionMask = 2147483647;
			files = (
				FD67DEF61CF4F10900D73F61 /* ViewController.swift in Sources */,
				FD67DEF41CF4F10900D73F61 /* AppDelegate.swift in Sources */,
			);
			runOnlyForDeploymentPostprocessing = 0;
		};
		FD67DF001CF4F10900D73F61 /* Sources */ = {
			isa = PBXSourcesBuildPhase;
			buildActionMask = 2147483647;
			files = (
				FD67DF091CF4F10900D73F61 /* TapperTests.swift in Sources */,
			);
			runOnlyForDeploymentPostprocessing = 0;
		};
		FD67DF0B1CF4F10900D73F61 /* Sources */ = {
			isa = PBXSourcesBuildPhase;
			buildActionMask = 2147483647;
			files = (
				FD67DF141CF4F10900D73F61 /* TapperUITests.swift in Sources */,
			);
			runOnlyForDeploymentPostprocessing = 0;
		};
/* End PBXSourcesBuildPhase section */

/* Begin PBXTargetDependency section */
		FD67DF061CF4F10900D73F61 /* PBXTargetDependency */ = {
			isa = PBXTargetDependency;
			target = FD67DEEF1CF4F10900D73F61 /* Tapper */;
			targetProxy = FD67DF051CF4F10900D73F61 /* PBXContainerItemProxy */;
		};
		FD67DF111CF4F10900D73F61 /* PBXTargetDependency */ = {
			isa = PBXTargetDependency;
			target = FD67DEEF1CF4F10900D73F61 /* Tapper */;
			targetProxy = FD67DF101CF4F10900D73F61 /* PBXContainerItemProxy */;
		};
/* End PBXTargetDependency section */

/* Begin PBXVariantGroup section */
		FD67DEF71CF4F10900D73F61 /* Main.storyboard */ = {
			isa = PBXVariantGroup;
			children = (
				FD67DEF81CF4F10900D73F61 /* Base */,
			);
			name = Main.storyboard;
			sourceTree = "<group>";
		};
		FD67DEFC1CF4F10900D73F61 /* LaunchScreen.storyboard */ = {
			isa = PBXVariantGroup;
			children = (
				FD67DEFD1CF4F10900D73F61 /* Base */,
			);
			name = LaunchScreen.storyboard;
			sourceTree = "<group>";
		};
/* End PBXVariantGroup section */

/* Begin XCBuildConfiguration section */
		FD67DF161CF4F10900D73F61 /* Debug */ = {
			isa = XCBuildConfiguration;
			buildSettings = {
				ALWAYS_SEARCH_USER_PATHS = NO;
				CLANG_ANALYZER_NONNULL = YES;
				CLANG_CXX_LANGUAGE_STANDARD = "gnu++0x";
				CLANG_CXX_LIBRARY = "libc++";
				CLANG_ENABLE_MODULES = YES;
				CLANG_ENABLE_OBJC_ARC = YES;
				CLANG_WARN_BOOL_CONVERSION = YES;
				CLANG_WARN_CONSTANT_CONVERSION = YES;
				CLANG_WARN_DIRECT_OBJC_ISA_USAGE = YES_ERROR;
				CLANG_WARN_EMPTY_BODY = YES;
				CLANG_WARN_ENUM_CONVERSION = YES;
				CLANG_WARN_INT_CONVERSION = YES;
				CLANG_WARN_OBJC_ROOT_CLASS = YES_ERROR;
				CLANG_WARN_UNREACHABLE_CODE = YES;
				CLANG_WARN__DUPLICATE_METHOD_MATCH = YES;
				"CODE_SIGN_IDENTITY[sdk=iphoneos*]" = "iPhone Developer";
				COPY_PHASE_STRIP = NO;
				DEBUG_INFORMATION_FORMAT = dwarf;
				ENABLE_STRICT_OBJC_MSGSEND = YES;
				ENABLE_TESTABILITY = YES;
				GCC_C_LANGUAGE_STANDARD = gnu99;
				GCC_DYNAMIC_NO_PIC = NO;
				GCC_NO_COMMON_BLOCKS = YES;
				GCC_OPTIMIZATION_LEVEL = 0;
				GCC_PREPROCESSOR_DEFINITIONS = (
					"DEBUG=1",
					"$(inherited)",
				);
				GCC_WARN_64_TO_32_BIT_CONVERSION = YES;
				GCC_WARN_ABOUT_RETURN_TYPE = YES_ERROR;
				GCC_WARN_UNDECLARED_SELECTOR = YES;
				GCC_WARN_UNINITIALIZED_AUTOS = YES_AGGRESSIVE;
				GCC_WARN_UNUSED_FUNCTION = YES;
				GCC_WARN_UNUSED_VARIABLE = YES;
				IPHONEOS_DEPLOYMENT_TARGET = 9.3;
				MTL_ENABLE_DEBUG_INFO = YES;
				ONLY_ACTIVE_ARCH = YES;
				SDKROOT = iphoneos;
				SWIFT_OPTIMIZATION_LEVEL = "-Onone";
			};
			name = Debug;
		};
		FD67DF171CF4F10900D73F61 /* Release */ = {
			isa = XCBuildConfiguration;
			buildSettings = {
				ALWAYS_SEARCH_USER_PATHS = NO;
				CLANG_ANALYZER_NONNULL = YES;
				CLANG_CXX_LANGUAGE_STANDARD = "gnu++0x";
				CLANG_CXX_LIBRARY = "libc++";
				CLANG_ENABLE_MODULES = YES;
				CLANG_ENABLE_OBJC_ARC = YES;
				CLANG_WARN_BOOL_CONVERSION = YES;
				CLANG_WARN_CONSTANT_CONVERSION = YES;
				CLANG_WARN_DIRECT_OBJC_ISA_USAGE = YES_ERROR;
				CLANG_WARN_EMPTY_BODY = YES;
				CLANG_WARN_ENUM_CONVERSION = YES;
				CLANG_WARN_INT_CONVERSION = YES;
				CLANG_WARN_OBJC_ROOT_CLASS = YES_ERROR;
				CLANG_WARN_UNREACHABLE_CODE = YES;
				CLANG_WARN__DUPLICATE_METHOD_MATCH = YES;
				"CODE_SIGN_IDENTITY[sdk=iphoneos*]" = "iPhone Developer";
				COPY_PHASE_STRIP = NO;
				DEBUG_INFORMATION_FORMAT = "dwarf-with-dsym";
				ENABLE_NS_ASSERTIONS = NO;
				ENABLE_STRICT_OBJC_MSGSEND = YES;
				GCC_C_LANGUAGE_STANDARD = gnu99;
				GCC_NO_COMMON_BLOCKS = YES;
				GCC_WARN_64_TO_32_BIT_CONVERSION = YES;
				GCC_WARN_ABOUT_RETURN_TYPE = YES_ERROR;
				GCC_WARN_UNDECLARED_SELECTOR = YES;
				GCC_WARN_UNINITIALIZED_AUTOS = YES_AGGRESSIVE;
				GCC_WARN_UNUSED_FUNCTION = YES;
				GCC_WARN_UNUSED_VARIABLE = YES;
				IPHONEOS_DEPLOYMENT_TARGET = 9.3;
				MTL_ENABLE_DEBUG_INFO = NO;
				SDKROOT = iphoneos;
				VALIDATE_PRODUCT = YES;
			};
			name = Release;
		};
		FD67DF191CF4F10900D73F61 /* Debug */ = {
			isa = XCBuildConfiguration;
			buildSettings = {
				ASSETCATALOG_COMPILER_APPICON_NAME = AppIcon;
				INFOPLIST_FILE = Tapper/Info.plist;
				LD_RUNPATH_SEARCH_PATHS = "$(inherited) @executable_path/Frameworks";
				PRODUCT_BUNDLE_IDENTIFIER = www.forethink.nu.Tapper;
				PRODUCT_NAME = "$(TARGET_NAME)";
			};
			name = Debug;
		};
		FD67DF1A1CF4F10900D73F61 /* Release */ = {
			isa = XCBuildConfiguration;
			buildSettings = {
				ASSETCATALOG_COMPILER_APPICON_NAME = AppIcon;
				INFOPLIST_FILE = Tapper/Info.plist;
				LD_RUNPATH_SEARCH_PATHS = "$(inherited) @executable_path/Frameworks";
				PRODUCT_BUNDLE_IDENTIFIER = www.forethink.nu.Tapper;
				PRODUCT_NAME = "$(TARGET_NAME)";
			};
			name = Release;
		};
		FD67DF1C1CF4F10900D73F61 /* Debug */ = {
			isa = XCBuildConfiguration;
			buildSettings = {
				BUNDLE_LOADER = "$(TEST_HOST)";
				INFOPLIST_FILE = TapperTests/Info.plist;
				LD_RUNPATH_SEARCH_PATHS = "$(inherited) @executable_path/Frameworks @loader_path/Frameworks";
				PRODUCT_BUNDLE_IDENTIFIER = www.forethink.nu.TapperTests;
				PRODUCT_NAME = "$(TARGET_NAME)";
				TEST_HOST = "$(BUILT_PRODUCTS_DIR)/Tapper.app/Tapper";
			};
			name = Debug;
		};
		FD67DF1D1CF4F10900D73F61 /* Release */ = {
			isa = XCBuildConfiguration;
			buildSettings = {
				BUNDLE_LOADER = "$(TEST_HOST)";
				INFOPLIST_FILE = TapperTests/Info.plist;
				LD_RUNPATH_SEARCH_PATHS = "$(inherited) @executable_path/Frameworks @loader_path/Frameworks";
				PRODUCT_BUNDLE_IDENTIFIER = www.forethink.nu.TapperTests;
				PRODUCT_NAME = "$(TARGET_NAME)";
				TEST_HOST = "$(BUILT_PRODUCTS_DIR)/Tapper.app/Tapper";
			};
			name = Release;
		};
		FD67DF1F1CF4F10900D73F61 /* Debug */ = {
			isa = XCBuildConfiguration;
			buildSettings = {
				INFOPLIST_FILE = TapperUITests/Info.plist;
				LD_RUNPATH_SEARCH_PATHS = "$(inherited) @executable_path/Frameworks @loader_path/Frameworks";
				PRODUCT_BUNDLE_IDENTIFIER = www.forethink.nu.TapperUITests;
				PRODUCT_NAME = "$(TARGET_NAME)";
				TEST_TARGET_NAME = Tapper;
			};
			name = Debug;
		};
		FD67DF201CF4F10900D73F61 /* Release */ = {
			isa = XCBuildConfiguration;
			buildSettings = {
				INFOPLIST_FILE = TapperUITests/Info.plist;
				LD_RUNPATH_SEARCH_PATHS = "$(inherited) @executable_path/Frameworks @loader_path/Frameworks";
				PRODUCT_BUNDLE_IDENTIFIER = www.forethink.nu.TapperUITests;
				PRODUCT_NAME = "$(TARGET_NAME)";
				TEST_TARGET_NAME = Tapper;
			};
			name = Release;
		};
/* End XCBuildConfiguration section */

/* Begin XCConfigurationList section */
		FD67DEEB1CF4F10900D73F61 /* Build configuration list for PBXProject "Tapper" */ = {
			isa = XCConfigurationList;
			buildConfigurations = (
				FD67DF161CF4F10900D73F61 /* Debug */,
				FD67DF171CF4F10900D73F61 /* Release */,
			);
			defaultConfigurationIsVisible = 0;
			defaultConfigurationName = Release;
		};
		FD67DF181CF4F10900D73F61 /* Build configuration list for PBXNativeTarget "Tapper" */ = {
			isa = XCConfigurationList;
			buildConfigurations = (
				FD67DF191CF4F10900D73F61 /* Debug */,
				FD67DF1A1CF4F10900D73F61 /* Release */,
			);
			defaultConfigurationIsVisible = 0;
		};
		FD67DF1B1CF4F10900D73F61 /* Build configuration list for PBXNativeTarget "TapperTests" */ = {
			isa = XCConfigurationList;
			buildConfigurations = (
				FD67DF1C1CF4F10900D73F61 /* Debug */,
				FD67DF1D1CF4F10900D73F61 /* Release */,
			);
			defaultConfigurationIsVisible = 0;
		};
		FD67DF1E1CF4F10900D73F61 /* Build configuration list for PBXNativeTarget "TapperUITests" */ = {
			isa = XCConfigurationList;
			buildConfigurations = (
				FD67DF1F1CF4F10900D73F61 /* Debug */,
				FD67DF201CF4F10900D73F61 /* Release */,
			);
			defaultConfigurationIsVisible = 0;
		};
/* End XCConfigurationList section */
	};
	rootObject = FD67DEE81CF4F10900D73F61 /* Project object */;
}
