// !$*UTF8*$!
{
	archiveVersion = 1;
	classes = {
	};
	objectVersion = 46;
	objects = {

/* Begin PBXBuildFile section */
		FDC869061CF76CBB001AA0DC /* AppDelegate.swift in Sources */ = {isa = PBXBuildFile; fileRef = FDC869051CF76CBB001AA0DC /* AppDelegate.swift */; };
		FDC869081CF76CBB001AA0DC /* ViewController.swift in Sources */ = {isa = PBXBuildFile; fileRef = FDC869071CF76CBB001AA0DC /* ViewController.swift */; };
		FDC8690B1CF76CBC001AA0DC /* Main.storyboard in Resources */ = {isa = PBXBuildFile; fileRef = FDC869091CF76CBC001AA0DC /* Main.storyboard */; };
		FDC8690D1CF76CBC001AA0DC /* Assets.xcassets in Resources */ = {isa = PBXBuildFile; fileRef = FDC8690C1CF76CBC001AA0DC /* Assets.xcassets */; };
		FDC869101CF76CBC001AA0DC /* LaunchScreen.storyboard in Resources */ = {isa = PBXBuildFile; fileRef = FDC8690E1CF76CBC001AA0DC /* LaunchScreen.storyboard */; };
		FDC8691B1CF76CBC001AA0DC /* Tally_CounterTests.swift in Sources */ = {isa = PBXBuildFile; fileRef = FDC8691A1CF76CBC001AA0DC /* Tally_CounterTests.swift */; };
		FDC869261CF76CBC001AA0DC /* Tally_CounterUITests.swift in Sources */ = {isa = PBXBuildFile; fileRef = FDC869251CF76CBC001AA0DC /* Tally_CounterUITests.swift */; };
/* End PBXBuildFile section */

/* Begin PBXContainerItemProxy section */
		FDC869171CF76CBC001AA0DC /* PBXContainerItemProxy */ = {
			isa = PBXContainerItemProxy;
			containerPortal = FDC868FA1CF76CBB001AA0DC /* Project object */;
			proxyType = 1;
			remoteGlobalIDString = FDC869011CF76CBB001AA0DC;
			remoteInfo = "Tally Counter";
		};
		FDC869221CF76CBC001AA0DC /* PBXContainerItemProxy */ = {
			isa = PBXContainerItemProxy;
			containerPortal = FDC868FA1CF76CBB001AA0DC /* Project object */;
			proxyType = 1;
			remoteGlobalIDString = FDC869011CF76CBB001AA0DC;
			remoteInfo = "Tally Counter";
		};
/* End PBXContainerItemProxy section */

/* Begin PBXFileReference section */
		FDC869021CF76CBB001AA0DC /* Tally Counter.app */ = {isa = PBXFileReference; explicitFileType = wrapper.application; includeInIndex = 0; path = "Tally Counter.app"; sourceTree = BUILT_PRODUCTS_DIR; };
		FDC869051CF76CBB001AA0DC /* AppDelegate.swift */ = {isa = PBXFileReference; lastKnownFileType = sourcecode.swift; path = AppDelegate.swift; sourceTree = "<group>"; };
		FDC869071CF76CBB001AA0DC /* ViewController.swift */ = {isa = PBXFileReference; lastKnownFileType = sourcecode.swift; path = ViewController.swift; sourceTree = "<group>"; };
		FDC8690A1CF76CBC001AA0DC /* Base */ = {isa = PBXFileReference; lastKnownFileType = file.storyboard; name = Base; path = Base.lproj/Main.storyboard; sourceTree = "<group>"; };
		FDC8690C1CF76CBC001AA0DC /* Assets.xcassets */ = {isa = PBXFileReference; lastKnownFileType = folder.assetcatalog; path = Assets.xcassets; sourceTree = "<group>"; };
		FDC8690F1CF76CBC001AA0DC /* Base */ = {isa = PBXFileReference; lastKnownFileType = file.storyboard; name = Base; path = Base.lproj/LaunchScreen.storyboard; sourceTree = "<group>"; };
		FDC869111CF76CBC001AA0DC /* Info.plist */ = {isa = PBXFileReference; lastKnownFileType = text.plist.xml; path = Info.plist; sourceTree = "<group>"; };
		FDC869161CF76CBC001AA0DC /* Tally CounterTests.xctest */ = {isa = PBXFileReference; explicitFileType = wrapper.cfbundle; includeInIndex = 0; path = "Tally CounterTests.xctest"; sourceTree = BUILT_PRODUCTS_DIR; };
		FDC8691A1CF76CBC001AA0DC /* Tally_CounterTests.swift */ = {isa = PBXFileReference; lastKnownFileType = sourcecode.swift; path = Tally_CounterTests.swift; sourceTree = "<group>"; };
		FDC8691C1CF76CBC001AA0DC /* Info.plist */ = {isa = PBXFileReference; lastKnownFileType = text.plist.xml; path = Info.plist; sourceTree = "<group>"; };
		FDC869211CF76CBC001AA0DC /* Tally CounterUITests.xctest */ = {isa = PBXFileReference; explicitFileType = wrapper.cfbundle; includeInIndex = 0; path = "Tally CounterUITests.xctest"; sourceTree = BUILT_PRODUCTS_DIR; };
		FDC869251CF76CBC001AA0DC /* Tally_CounterUITests.swift */ = {isa = PBXFileReference; lastKnownFileType = sourcecode.swift; path = Tally_CounterUITests.swift; sourceTree = "<group>"; };
		FDC869271CF76CBC001AA0DC /* Info.plist */ = {isa = PBXFileReference; lastKnownFileType = text.plist.xml; path = Info.plist; sourceTree = "<group>"; };
/* End PBXFileReference section */

/* Begin PBXFrameworksBuildPhase section */
		FDC868FF1CF76CBB001AA0DC /* Frameworks */ = {
			isa = PBXFrameworksBuildPhase;
			buildActionMask = 2147483647;
			files = (
			);
			runOnlyForDeploymentPostprocessing = 0;
		};
		FDC869131CF76CBC001AA0DC /* Frameworks */ = {
			isa = PBXFrameworksBuildPhase;
			buildActionMask = 2147483647;
			files = (
			);
			runOnlyForDeploymentPostprocessing = 0;
		};
		FDC8691E1CF76CBC001AA0DC /* Frameworks */ = {
			isa = PBXFrameworksBuildPhase;
			buildActionMask = 2147483647;
			files = (
			);
			runOnlyForDeploymentPostprocessing = 0;
		};
/* End PBXFrameworksBuildPhase section */

/* Begin PBXGroup section */
		FDC868F91CF76CBB001AA0DC = {
			isa = PBXGroup;
			children = (
				FDC869041CF76CBB001AA0DC /* Tally Counter */,
				FDC869191CF76CBC001AA0DC /* Tally CounterTests */,
				FDC869241CF76CBC001AA0DC /* Tally CounterUITests */,
				FDC869031CF76CBB001AA0DC /* Products */,
			);
			sourceTree = "<group>";
		};
		FDC869031CF76CBB001AA0DC /* Products */ = {
			isa = PBXGroup;
			children = (
				FDC869021CF76CBB001AA0DC /* Tally Counter.app */,
				FDC869161CF76CBC001AA0DC /* Tally CounterTests.xctest */,
				FDC869211CF76CBC001AA0DC /* Tally CounterUITests.xctest */,
			);
			name = Products;
			sourceTree = "<group>";
		};
		FDC869041CF76CBB001AA0DC /* Tally Counter */ = {
			isa = PBXGroup;
			children = (
				FDC869051CF76CBB001AA0DC /* AppDelegate.swift */,
				FDC869071CF76CBB001AA0DC /* ViewController.swift */,
				FDC869091CF76CBC001AA0DC /* Main.storyboard */,
				FDC8690C1CF76CBC001AA0DC /* Assets.xcassets */,
				FDC8690E1CF76CBC001AA0DC /* LaunchScreen.storyboard */,
				FDC869111CF76CBC001AA0DC /* Info.plist */,
			);
			path = "Tally Counter";
			sourceTree = "<group>";
		};
		FDC869191CF76CBC001AA0DC /* Tally CounterTests */ = {
			isa = PBXGroup;
			children = (
				FDC8691A1CF76CBC001AA0DC /* Tally_CounterTests.swift */,
				FDC8691C1CF76CBC001AA0DC /* Info.plist */,
			);
			path = "Tally CounterTests";
			sourceTree = "<group>";
		};
		FDC869241CF76CBC001AA0DC /* Tally CounterUITests */ = {
			isa = PBXGroup;
			children = (
				FDC869251CF76CBC001AA0DC /* Tally_CounterUITests.swift */,
				FDC869271CF76CBC001AA0DC /* Info.plist */,
			);
			path = "Tally CounterUITests";
			sourceTree = "<group>";
		};
/* End PBXGroup section */

/* Begin PBXNativeTarget section */
		FDC869011CF76CBB001AA0DC /* Tally Counter */ = {
			isa = PBXNativeTarget;
			buildConfigurationList = FDC8692A1CF76CBC001AA0DC /* Build configuration list for PBXNativeTarget "Tally Counter" */;
			buildPhases = (
				FDC868FE1CF76CBB001AA0DC /* Sources */,
				FDC868FF1CF76CBB001AA0DC /* Frameworks */,
				FDC869001CF76CBB001AA0DC /* Resources */,
			);
			buildRules = (
			);
			dependencies = (
			);
			name = "Tally Counter";
			productName = "Tally Counter";
			productReference = FDC869021CF76CBB001AA0DC /* Tally Counter.app */;
			productType = "com.apple.product-type.application";
		};
		FDC869151CF76CBC001AA0DC /* Tally CounterTests */ = {
			isa = PBXNativeTarget;
			buildConfigurationList = FDC8692D1CF76CBC001AA0DC /* Build configuration list for PBXNativeTarget "Tally CounterTests" */;
			buildPhases = (
				FDC869121CF76CBC001AA0DC /* Sources */,
				FDC869131CF76CBC001AA0DC /* Frameworks */,
				FDC869141CF76CBC001AA0DC /* Resources */,
			);
			buildRules = (
			);
			dependencies = (
				FDC869181CF76CBC001AA0DC /* PBXTargetDependency */,
			);
			name = "Tally CounterTests";
			productName = "Tally CounterTests";
			productReference = FDC869161CF76CBC001AA0DC /* Tally CounterTests.xctest */;
			productType = "com.apple.product-type.bundle.unit-test";
		};
		FDC869201CF76CBC001AA0DC /* Tally CounterUITests */ = {
			isa = PBXNativeTarget;
			buildConfigurationList = FDC869301CF76CBC001AA0DC /* Build configuration list for PBXNativeTarget "Tally CounterUITests" */;
			buildPhases = (
				FDC8691D1CF76CBC001AA0DC /* Sources */,
				FDC8691E1CF76CBC001AA0DC /* Frameworks */,
				FDC8691F1CF76CBC001AA0DC /* Resources */,
			);
			buildRules = (
			);
			dependencies = (
				FDC869231CF76CBC001AA0DC /* PBXTargetDependency */,
			);
			name = "Tally CounterUITests";
			productName = "Tally CounterUITests";
			productReference = FDC869211CF76CBC001AA0DC /* Tally CounterUITests.xctest */;
			productType = "com.apple.product-type.bundle.ui-testing";
		};
/* End PBXNativeTarget section */

/* Begin PBXProject section */
		FDC868FA1CF76CBB001AA0DC /* Project object */ = {
			isa = PBXProject;
			attributes = {
				LastSwiftUpdateCheck = 0730;
				LastUpgradeCheck = 0730;
				ORGANIZATIONNAME = Forethink;
				TargetAttributes = {
					FDC869011CF76CBB001AA0DC = {
						CreatedOnToolsVersion = 7.3.1;
						DevelopmentTeam = 8JVR9SET2E;
					};
					FDC869151CF76CBC001AA0DC = {
						CreatedOnToolsVersion = 7.3.1;
						TestTargetID = FDC869011CF76CBB001AA0DC;
					};
					FDC869201CF76CBC001AA0DC = {
						CreatedOnToolsVersion = 7.3.1;
						TestTargetID = FDC869011CF76CBB001AA0DC;
					};
				};
			};
			buildConfigurationList = FDC868FD1CF76CBB001AA0DC /* Build configuration list for PBXProject "Tally Counter" */;
			compatibilityVersion = "Xcode 3.2";
			developmentRegion = English;
			hasScannedForEncodings = 0;
			knownRegions = (
				en,
				Base,
			);
			mainGroup = FDC868F91CF76CBB001AA0DC;
			productRefGroup = FDC869031CF76CBB001AA0DC /* Products */;
			projectDirPath = "";
			projectRoot = "";
			targets = (
				FDC869011CF76CBB001AA0DC /* Tally Counter */,
				FDC869151CF76CBC001AA0DC /* Tally CounterTests */,
				FDC869201CF76CBC001AA0DC /* Tally CounterUITests */,
			);
		};
/* End PBXProject section */

/* Begin PBXResourcesBuildPhase section */
		FDC869001CF76CBB001AA0DC /* Resources */ = {
			isa = PBXResourcesBuildPhase;
			buildActionMask = 2147483647;
			files = (
				FDC869101CF76CBC001AA0DC /* LaunchScreen.storyboard in Resources */,
				FDC8690D1CF76CBC001AA0DC /* Assets.xcassets in Resources */,
				FDC8690B1CF76CBC001AA0DC /* Main.storyboard in Resources */,
			);
			runOnlyForDeploymentPostprocessing = 0;
		};
		FDC869141CF76CBC001AA0DC /* Resources */ = {
			isa = PBXResourcesBuildPhase;
			buildActionMask = 2147483647;
			files = (
			);
			runOnlyForDeploymentPostprocessing = 0;
		};
		FDC8691F1CF76CBC001AA0DC /* Resources */ = {
			isa = PBXResourcesBuildPhase;
			buildActionMask = 2147483647;
			files = (
			);
			runOnlyForDeploymentPostprocessing = 0;
		};
/* End PBXResourcesBuildPhase section */

/* Begin PBXSourcesBuildPhase section */
		FDC868FE1CF76CBB001AA0DC /* Sources */ = {
			isa = PBXSourcesBuildPhase;
			buildActionMask = 2147483647;
			files = (
				FDC869081CF76CBB001AA0DC /* ViewController.swift in Sources */,
				FDC869061CF76CBB001AA0DC /* AppDelegate.swift in Sources */,
			);
			runOnlyForDeploymentPostprocessing = 0;
		};
		FDC869121CF76CBC001AA0DC /* Sources */ = {
			isa = PBXSourcesBuildPhase;
			buildActionMask = 2147483647;
			files = (
				FDC8691B1CF76CBC001AA0DC /* Tally_CounterTests.swift in Sources */,
			);
			runOnlyForDeploymentPostprocessing = 0;
		};
		FDC8691D1CF76CBC001AA0DC /* Sources */ = {
			isa = PBXSourcesBuildPhase;
			buildActionMask = 2147483647;
			files = (
				FDC869261CF76CBC001AA0DC /* Tally_CounterUITests.swift in Sources */,
			);
			runOnlyForDeploymentPostprocessing = 0;
		};
/* End PBXSourcesBuildPhase section */

/* Begin PBXTargetDependency section */
		FDC869181CF76CBC001AA0DC /* PBXTargetDependency */ = {
			isa = PBXTargetDependency;
			target = FDC869011CF76CBB001AA0DC /* Tally Counter */;
			targetProxy = FDC869171CF76CBC001AA0DC /* PBXContainerItemProxy */;
		};
		FDC869231CF76CBC001AA0DC /* PBXTargetDependency */ = {
			isa = PBXTargetDependency;
			target = FDC869011CF76CBB001AA0DC /* Tally Counter */;
			targetProxy = FDC869221CF76CBC001AA0DC /* PBXContainerItemProxy */;
		};
/* End PBXTargetDependency section */

/* Begin PBXVariantGroup section */
		FDC869091CF76CBC001AA0DC /* Main.storyboard */ = {
			isa = PBXVariantGroup;
			children = (
				FDC8690A1CF76CBC001AA0DC /* Base */,
			);
			name = Main.storyboard;
			sourceTree = "<group>";
		};
		FDC8690E1CF76CBC001AA0DC /* LaunchScreen.storyboard */ = {
			isa = PBXVariantGroup;
			children = (
				FDC8690F1CF76CBC001AA0DC /* Base */,
			);
			name = LaunchScreen.storyboard;
			sourceTree = "<group>";
		};
/* End PBXVariantGroup section */

/* Begin XCBuildConfiguration section */
		FDC869281CF76CBC001AA0DC /* Debug */ = {
			isa = XCBuildConfiguration;
			buildSettings = {
				ALWAYS_SEARCH_USER_PATHS = NO;
				CLANG_ANALYZER_NONNULL = YES;
				CLANG_CXX_LANGUAGE_STANDARD = "gnu++0x";
				CLANG_CXX_LIBRARY = "libc++";
				CLANG_ENABLE_MODULES = YES;
				CLANG_ENABLE_OBJC_ARC = YES;
				CLANG_WARN_BOOL_CONVERSION = YES;
				CLANG_WARN_CONSTANT_CONVERSION = YES;
				CLANG_WARN_DIRECT_OBJC_ISA_USAGE = YES_ERROR;
				CLANG_WARN_EMPTY_BODY = YES;
				CLANG_WARN_ENUM_CONVERSION = YES;
				CLANG_WARN_INT_CONVERSION = YES;
				CLANG_WARN_OBJC_ROOT_CLASS = YES_ERROR;
				CLANG_WARN_UNREACHABLE_CODE = YES;
				CLANG_WARN__DUPLICATE_METHOD_MATCH = YES;
				"CODE_SIGN_IDENTITY[sdk=iphoneos*]" = "iPhone Developer";
				COPY_PHASE_STRIP = NO;
				DEBUG_INFORMATION_FORMAT = dwarf;
				ENABLE_STRICT_OBJC_MSGSEND = YES;
				ENABLE_TESTABILITY = YES;
				GCC_C_LANGUAGE_STANDARD = gnu99;
				GCC_DYNAMIC_NO_PIC = NO;
				GCC_NO_COMMON_BLOCKS = YES;
				GCC_OPTIMIZATION_LEVEL = 0;
				GCC_PREPROCESSOR_DEFINITIONS = (
					"DEBUG=1",
					"$(inherited)",
				);
				GCC_WARN_64_TO_32_BIT_CONVERSION = YES;
				GCC_WARN_ABOUT_RETURN_TYPE = YES_ERROR;
				GCC_WARN_UNDECLARED_SELECTOR = YES;
				GCC_WARN_UNINITIALIZED_AUTOS = YES_AGGRESSIVE;
				GCC_WARN_UNUSED_FUNCTION = YES;
				GCC_WARN_UNUSED_VARIABLE = YES;
				IPHONEOS_DEPLOYMENT_TARGET = 9.3;
				MTL_ENABLE_DEBUG_INFO = YES;
				ONLY_ACTIVE_ARCH = YES;
				SDKROOT = iphoneos;
				SWIFT_OPTIMIZATION_LEVEL = "-Onone";
				TARGETED_DEVICE_FAMILY = "1,2";
			};
			name = Debug;
		};
		FDC869291CF76CBC001AA0DC /* Release */ = {
			isa = XCBuildConfiguration;
			buildSettings = {
				ALWAYS_SEARCH_USER_PATHS = NO;
				CLANG_ANALYZER_NONNULL = YES;
				CLANG_CXX_LANGUAGE_STANDARD = "gnu++0x";
				CLANG_CXX_LIBRARY = "libc++";
				CLANG_ENABLE_MODULES = YES;
				CLANG_ENABLE_OBJC_ARC = YES;
				CLANG_WARN_BOOL_CONVERSION = YES;
				CLANG_WARN_CONSTANT_CONVERSION = YES;
				CLANG_WARN_DIRECT_OBJC_ISA_USAGE = YES_ERROR;
				CLANG_WARN_EMPTY_BODY = YES;
				CLANG_WARN_ENUM_CONVERSION = YES;
				CLANG_WARN_INT_CONVERSION = YES;
				CLANG_WARN_OBJC_ROOT_CLASS = YES_ERROR;
				CLANG_WARN_UNREACHABLE_CODE = YES;
				CLANG_WARN__DUPLICATE_METHOD_MATCH = YES;
				"CODE_SIGN_IDENTITY[sdk=iphoneos*]" = "iPhone Developer";
				COPY_PHASE_STRIP = NO;
				DEBUG_INFORMATION_FORMAT = "dwarf-with-dsym";
				ENABLE_NS_ASSERTIONS = NO;
				ENABLE_STRICT_OBJC_MSGSEND = YES;
				GCC_C_LANGUAGE_STANDARD = gnu99;
				GCC_NO_COMMON_BLOCKS = YES;
				GCC_WARN_64_TO_32_BIT_CONVERSION = YES;
				GCC_WARN_ABOUT_RETURN_TYPE = YES_ERROR;
				GCC_WARN_UNDECLARED_SELECTOR = YES;
				GCC_WARN_UNINITIALIZED_AUTOS = YES_AGGRESSIVE;
				GCC_WARN_UNUSED_FUNCTION = YES;
				GCC_WARN_UNUSED_VARIABLE = YES;
				IPHONEOS_DEPLOYMENT_TARGET = 9.3;
				MTL_ENABLE_DEBUG_INFO = NO;
				SDKROOT = iphoneos;
				TARGETED_DEVICE_FAMILY = "1,2";
				VALIDATE_PRODUCT = YES;
			};
			name = Release;
		};
		FDC8692B1CF76CBC001AA0DC /* Debug */ = {
			isa = XCBuildConfiguration;
			buildSettings = {
				ASSETCATALOG_COMPILER_APPICON_NAME = AppIcon;
				CODE_SIGN_IDENTITY = "iPhone Developer";
				INFOPLIST_FILE = "Tally Counter/Info.plist";
				LD_RUNPATH_SEARCH_PATHS = "$(inherited) @executable_path/Frameworks";
				PRODUCT_BUNDLE_IDENTIFIER = "www.forethink.nu.Tally-Counter";
				PRODUCT_NAME = "$(TARGET_NAME)";
			};
			name = Debug;
		};
		FDC8692C1CF76CBC001AA0DC /* Release */ = {
			isa = XCBuildConfiguration;
			buildSettings = {
				ASSETCATALOG_COMPILER_APPICON_NAME = AppIcon;
				CODE_SIGN_IDENTITY = "iPhone Developer";
				INFOPLIST_FILE = "Tally Counter/Info.plist";
				LD_RUNPATH_SEARCH_PATHS = "$(inherited) @executable_path/Frameworks";
				PRODUCT_BUNDLE_IDENTIFIER = "www.forethink.nu.Tally-Counter";
				PRODUCT_NAME = "$(TARGET_NAME)";
			};
			name = Release;
		};
		FDC8692E1CF76CBC001AA0DC /* Debug */ = {
			isa = XCBuildConfiguration;
			buildSettings = {
				BUNDLE_LOADER = "$(TEST_HOST)";
				INFOPLIST_FILE = "Tally CounterTests/Info.plist";
				LD_RUNPATH_SEARCH_PATHS = "$(inherited) @executable_path/Frameworks @loader_path/Frameworks";
				PRODUCT_BUNDLE_IDENTIFIER = "www.forethink.nu.Tally-CounterTests";
				PRODUCT_NAME = "$(TARGET_NAME)";
				TEST_HOST = "$(BUILT_PRODUCTS_DIR)/Tally Counter.app/Tally Counter";
			};
			name = Debug;
		};
		FDC8692F1CF76CBC001AA0DC /* Release */ = {
			isa = XCBuildConfiguration;
			buildSettings = {
				BUNDLE_LOADER = "$(TEST_HOST)";
				INFOPLIST_FILE = "Tally CounterTests/Info.plist";
				LD_RUNPATH_SEARCH_PATHS = "$(inherited) @executable_path/Frameworks @loader_path/Frameworks";
				PRODUCT_BUNDLE_IDENTIFIER = "www.forethink.nu.Tally-CounterTests";
				PRODUCT_NAME = "$(TARGET_NAME)";
				TEST_HOST = "$(BUILT_PRODUCTS_DIR)/Tally Counter.app/Tally Counter";
			};
			name = Release;
		};
		FDC869311CF76CBC001AA0DC /* Debug */ = {
			isa = XCBuildConfiguration;
			buildSettings = {
				INFOPLIST_FILE = "Tally CounterUITests/Info.plist";
				LD_RUNPATH_SEARCH_PATHS = "$(inherited) @executable_path/Frameworks @loader_path/Frameworks";
				PRODUCT_BUNDLE_IDENTIFIER = "www.forethink.nu.Tally-CounterUITests";
				PRODUCT_NAME = "$(TARGET_NAME)";
				TEST_TARGET_NAME = "Tally Counter";
			};
			name = Debug;
		};
		FDC869321CF76CBC001AA0DC /* Release */ = {
			isa = XCBuildConfiguration;
			buildSettings = {
				INFOPLIST_FILE = "Tally CounterUITests/Info.plist";
				LD_RUNPATH_SEARCH_PATHS = "$(inherited) @executable_path/Frameworks @loader_path/Frameworks";
				PRODUCT_BUNDLE_IDENTIFIER = "www.forethink.nu.Tally-CounterUITests";
				PRODUCT_NAME = "$(TARGET_NAME)";
				TEST_TARGET_NAME = "Tally Counter";
			};
			name = Release;
		};
/* End XCBuildConfiguration section */

/* Begin XCConfigurationList section */
		FDC868FD1CF76CBB001AA0DC /* Build configuration list for PBXProject "Tally Counter" */ = {
			isa = XCConfigurationList;
			buildConfigurations = (
				FDC869281CF76CBC001AA0DC /* Debug */,
				FDC869291CF76CBC001AA0DC /* Release */,
			);
			defaultConfigurationIsVisible = 0;
			defaultConfigurationName = Release;
		};
		FDC8692A1CF76CBC001AA0DC /* Build configuration list for PBXNativeTarget "Tally Counter" */ = {
			isa = XCConfigurationList;
			buildConfigurations = (
				FDC8692B1CF76CBC001AA0DC /* Debug */,
				FDC8692C1CF76CBC001AA0DC /* Release */,
			);
			defaultConfigurationIsVisible = 0;
		};
		FDC8692D1CF76CBC001AA0DC /* Build configuration list for PBXNativeTarget "Tally CounterTests" */ = {
			isa = XCConfigurationList;
			buildConfigurations = (
				FDC8692E1CF76CBC001AA0DC /* Debug */,
				FDC8692F1CF76CBC001AA0DC /* Release */,
			);
			defaultConfigurationIsVisible = 0;
		};
		FDC869301CF76CBC001AA0DC /* Build configuration list for PBXNativeTarget "Tally CounterUITests" */ = {
			isa = XCConfigurationList;
			buildConfigurations = (
				FDC869311CF76CBC001AA0DC /* Debug */,
				FDC869321CF76CBC001AA0DC /* Release */,
			);
			defaultConfigurationIsVisible = 0;
		};
/* End XCConfigurationList section */
	};
	rootObject = FDC868FA1CF76CBB001AA0DC /* Project object */;
}
